// !$*UTF8*$!
{
	archiveVersion = 1;
	classes = {
	};
	objectVersion = 50;
	objects = {

/* Begin PBXBuildFile section */
		240D7ED524D94BDC00EDDB7B /* CassiniViewController.swift in Sources */ = {isa = PBXBuildFile; fileRef = 240D7ED424D94BDC00EDDB7B /* CassiniViewController.swift */; };
		245B6E7924D85EC10045221D /* AppDelegate.swift in Sources */ = {isa = PBXBuildFile; fileRef = 245B6E7824D85EC10045221D /* AppDelegate.swift */; };
		245B6E7B24D85EC10045221D /* SceneDelegate.swift in Sources */ = {isa = PBXBuildFile; fileRef = 245B6E7A24D85EC10045221D /* SceneDelegate.swift */; };
		245B6E8024D85EC10045221D /* Main.storyboard in Resources */ = {isa = PBXBuildFile; fileRef = 245B6E7E24D85EC10045221D /* Main.storyboard */; };
		245B6E8224D85EC20045221D /* Assets.xcassets in Resources */ = {isa = PBXBuildFile; fileRef = 245B6E8124D85EC20045221D /* Assets.xcassets */; };
		245B6E8524D85EC20045221D /* LaunchScreen.storyboard in Resources */ = {isa = PBXBuildFile; fileRef = 245B6E8324D85EC20045221D /* LaunchScreen.storyboard */; };
		245B6E8F24D85FB50045221D /* ImageViewController.swift in Sources */ = {isa = PBXBuildFile; fileRef = 245B6E8E24D85FB50045221D /* ImageViewController.swift */; };
		245B6E9124D868A50045221D /* DemoURLs.swift in Sources */ = {isa = PBXBuildFile; fileRef = 245B6E9024D868A50045221D /* DemoURLs.swift */; };
		245B6E9324D869020045221D /* oval.jpg in Resources */ = {isa = PBXBuildFile; fileRef = 245B6E9224D869020045221D /* oval.jpg */; };
/* End PBXBuildFile section */

/* Begin PBXFileReference section */
		240D7ED424D94BDC00EDDB7B /* CassiniViewController.swift */ = {isa = PBXFileReference; lastKnownFileType = sourcecode.swift; path = CassiniViewController.swift; sourceTree = SOURCE_ROOT; };
		245B6E7524D85EC10045221D /* Cassini.app */ = {isa = PBXFileReference; explicitFileType = wrapper.application; includeInIndex = 0; path = Cassini.app; sourceTree = BUILT_PRODUCTS_DIR; };
		245B6E7824D85EC10045221D /* AppDelegate.swift */ = {isa = PBXFileReference; lastKnownFileType = sourcecode.swift; path = AppDelegate.swift; sourceTree = "<group>"; };
		245B6E7A24D85EC10045221D /* SceneDelegate.swift */ = {isa = PBXFileReference; lastKnownFileType = sourcecode.swift; path = SceneDelegate.swift; sourceTree = "<group>"; };
		245B6E7F24D85EC10045221D /* Base */ = {isa = PBXFileReference; lastKnownFileType = file.storyboard; name = Base; path = Base.lproj/Main.storyboard; sourceTree = "<group>"; };
		245B6E8124D85EC20045221D /* Assets.xcassets */ = {isa = PBXFileReference; lastKnownFileType = folder.assetcatalog; path = Assets.xcassets; sourceTree = "<group>"; };
		245B6E8424D85EC20045221D /* Base */ = {isa = PBXFileReference; lastKnownFileType = file.storyboard; name = Base; path = Base.lproj/LaunchScreen.storyboard; sourceTree = "<group>"; };
		245B6E8624D85EC20045221D /* Info.plist */ = {isa = PBXFileReference; lastKnownFileType = text.plist.xml; path = Info.plist; sourceTree = "<group>"; };
		245B6E8E24D85FB50045221D /* ImageViewController.swift */ = {isa = PBXFileReference; lastKnownFileType = sourcecode.swift; path = ImageViewController.swift; sourceTree = "<group>"; };
		245B6E9024D868A50045221D /* DemoURLs.swift */ = {isa = PBXFileReference; fileEncoding = 4; lastKnownFileType = sourcecode.swift; path = DemoURLs.swift; sourceTree = "<group>"; };
		245B6E9224D869020045221D /* oval.jpg */ = {isa = PBXFileReference; lastKnownFileType = image.jpeg; path = oval.jpg; sourceTree = "<group>"; };
/* End PBXFileReference section */

/* Begin PBXFrameworksBuildPhase section */
		245B6E7224D85EC10045221D /* Frameworks */ = {
			isa = PBXFrameworksBuildPhase;
			buildActionMask = 2147483647;
			files = (
			);
			runOnlyForDeploymentPostprocessing = 0;
		};
/* End PBXFrameworksBuildPhase section */

/* Begin PBXGroup section */
		245B6E6C24D85EC10045221D = {
			isa = PBXGroup;
			children = (
				245B6E7724D85EC10045221D /* Cassini */,
				245B6E7624D85EC10045221D /* Products */,
			);
			sourceTree = "<group>";
		};
		245B6E7624D85EC10045221D /* Products */ = {
			isa = PBXGroup;
			children = (
				245B6E7524D85EC10045221D /* Cassini.app */,
			);
			name = Products;
			sourceTree = "<group>";
		};
		245B6E7724D85EC10045221D /* Cassini */ = {
			isa = PBXGroup;
			children = (
				240D7ED424D94BDC00EDDB7B /* CassiniViewController.swift */,
				245B6E7E24D85EC10045221D /* Main.storyboard */,
				245B6E9024D868A50045221D /* DemoURLs.swift */,
				245B6E8E24D85FB50045221D /* ImageViewController.swift */,
				245B6E9224D869020045221D /* oval.jpg */,
				245B6E8D24D85EEF0045221D /* Supproting Files */,
				245B6E8624D85EC20045221D /* Info.plist */,
			);
			path = Cassini;
			sourceTree = "<group>";
		};
		245B6E8D24D85EEF0045221D /* Supproting Files */ = {
			isa = PBXGroup;
			children = (
				245B6E7A24D85EC10045221D /* SceneDelegate.swift */,
				245B6E7824D85EC10045221D /* AppDelegate.swift */,
				245B6E8124D85EC20045221D /* Assets.xcassets */,
				245B6E8324D85EC20045221D /* LaunchScreen.storyboard */,
			);
			path = "Supproting Files";
			sourceTree = "<group>";
		};
/* End PBXGroup section */

/* Begin PBXNativeTarget section */
		245B6E7424D85EC10045221D /* Cassini */ = {
			isa = PBXNativeTarget;
			buildConfigurationList = 245B6E8924D85EC20045221D /* Build configuration list for PBXNativeTarget "Cassini" */;
			buildPhases = (
				245B6E7124D85EC10045221D /* Sources */,
				245B6E7224D85EC10045221D /* Frameworks */,
				245B6E7324D85EC10045221D /* Resources */,
			);
			buildRules = (
			);
			dependencies = (
			);
			name = Cassini;
			productName = Cassini;
			productReference = 245B6E7524D85EC10045221D /* Cassini.app */;
			productType = "com.apple.product-type.application";
		};
/* End PBXNativeTarget section */

/* Begin PBXProject section */
		245B6E6D24D85EC10045221D /* Project object */ = {
			isa = PBXProject;
			attributes = {
				LastSwiftUpdateCheck = 1160;
				LastUpgradeCheck = 1160;
				ORGANIZATIONNAME = Sophia_fez;
				TargetAttributes = {
					245B6E7424D85EC10045221D = {
						CreatedOnToolsVersion = 11.6;
					};
				};
			};
			buildConfigurationList = 245B6E7024D85EC10045221D /* Build configuration list for PBXProject "Cassini" */;
			compatibilityVersion = "Xcode 9.3";
			developmentRegion = en;
			hasScannedForEncodings = 0;
			knownRegions = (
				en,
				Base,
			);
			mainGroup = 245B6E6C24D85EC10045221D;
			productRefGroup = 245B6E7624D85EC10045221D /* Products */;
			projectDirPath = "";
			projectRoot = "";
			targets = (
				245B6E7424D85EC10045221D /* Cassini */,
			);
		};
/* End PBXProject section */

/* Begin PBXResourcesBuildPhase section */
		245B6E7324D85EC10045221D /* Resources */ = {
			isa = PBXResourcesBuildPhase;
			buildActionMask = 2147483647;
			files = (
				245B6E8524D85EC20045221D /* LaunchScreen.storyboard in Resources */,
				245B6E9324D869020045221D /* oval.jpg in Resources */,
				245B6E8224D85EC20045221D /* Assets.xcassets in Resources */,
				245B6E8024D85EC10045221D /* Main.storyboard in Resources */,
			);
			runOnlyForDeploymentPostprocessing = 0;
		};
/* End PBXResourcesBuildPhase section */

/* Begin PBXSourcesBuildPhase section */
		245B6E7124D85EC10045221D /* Sources */ = {
			isa = PBXSourcesBuildPhase;
			buildActionMask = 2147483647;
			files = (
				245B6E9124D868A50045221D /* DemoURLs.swift in Sources */,
				245B6E7924D85EC10045221D /* AppDelegate.swift in Sources */,
				245B6E8F24D85FB50045221D /* ImageViewController.swift in Sources */,
				240D7ED524D94BDC00EDDB7B /* CassiniViewController.swift in Sources */,
				245B6E7B24D85EC10045221D /* SceneDelegate.swift in Sources */,
			);
			runOnlyForDeploymentPostprocessing = 0;
		};
/* End PBXSourcesBuildPhase section */

/* Begin PBXVariantGroup section */
		245B6E7E24D85EC10045221D /* Main.storyboard */ = {
			isa = PBXVariantGroup;
			children = (
				245B6E7F24D85EC10045221D /* Base */,
			);
			name = Main.storyboard;
			sourceTree = "<group>";
		};
		245B6E8324D85EC20045221D /* LaunchScreen.storyboard */ = {
			isa = PBXVariantGroup;
			children = (
				245B6E8424D85EC20045221D /* Base */,
			);
			name = LaunchScreen.storyboard;
			sourceTree = "<group>";
		};
/* End PBXVariantGroup section */

/* Begin XCBuildConfiguration section */
		245B6E8724D85EC20045221D /* Debug */ = {
			isa = XCBuildConfiguration;
			buildSettings = {
				ALWAYS_SEARCH_USER_PATHS = NO;
				CLANG_ANALYZER_NONNULL = YES;
				CLANG_ANALYZER_NUMBER_OBJECT_CONVERSION = YES_AGGRESSIVE;
				CLANG_CXX_LANGUAGE_STANDARD = "gnu++14";
				CLANG_CXX_LIBRARY = "libc++";
				CLANG_ENABLE_MODULES = YES;
				CLANG_ENABLE_OBJC_ARC = YES;
				CLANG_ENABLE_OBJC_WEAK = YES;
				CLANG_WARN_BLOCK_CAPTURE_AUTORELEASING = YES;
				CLANG_WARN_BOOL_CONVERSION = YES;
				CLANG_WARN_COMMA = YES;
				CLANG_WARN_CONSTANT_CONVERSION = YES;
				CLANG_WARN_DEPRECATED_OBJC_IMPLEMENTATIONS = YES;
				CLANG_WARN_DIRECT_OBJC_ISA_USAGE = YES_ERROR;
				CLANG_WARN_DOCUMENTATION_COMMENTS = YES;
				CLANG_WARN_EMPTY_BODY = YES;
				CLANG_WARN_ENUM_CONVERSION = YES;
				CLANG_WARN_INFINITE_RECURSION = YES;
				CLANG_WARN_INT_CONVERSION = YES;
				CLANG_WARN_NON_LITERAL_NULL_CONVERSION = YES;
				CLANG_WARN_OBJC_IMPLICIT_RETAIN_SELF = YES;
				CLANG_WARN_OBJC_LITERAL_CONVERSION = YES;
				CLANG_WARN_OBJC_ROOT_CLASS = YES_ERROR;
				CLANG_WARN_RANGE_LOOP_ANALYSIS = YES;
				CLANG_WARN_STRICT_PROTOTYPES = YES;
				CLANG_WARN_SUSPICIOUS_MOVE = YES;
				CLANG_WARN_UNGUARDED_AVAILABILITY = YES_AGGRESSIVE;
				CLANG_WARN_UNREACHABLE_CODE = YES;
				CLANG_WARN__DUPLICATE_METHOD_MATCH = YES;
				COPY_PHASE_STRIP = NO;
				DEBUG_INFORMATION_FORMAT = dwarf;
				ENABLE_STRICT_OBJC_MSGSEND = YES;
				ENABLE_TESTABILITY = YES;
				GCC_C_LANGUAGE_STANDARD = gnu11;
				GCC_DYNAMIC_NO_PIC = NO;
				GCC_NO_COMMON_BLOCKS = YES;
				GCC_OPTIMIZATION_LEVEL = 0;
				GCC_PREPROCESSOR_DEFINITIONS = (
					"DEBUG=1",
					"$(inherited)",
				);
				GCC_WARN_64_TO_32_BIT_CONVERSION = YES;
				GCC_WARN_ABOUT_RETURN_TYPE = YES_ERROR;
				GCC_WARN_UNDECLARED_SELECTOR = YES;
				GCC_WARN_UNINITIALIZED_AUTOS = YES_AGGRESSIVE;
				GCC_WARN_UNUSED_FUNCTION = YES;
				GCC_WARN_UNUSED_VARIABLE = YES;
				IPHONEOS_DEPLOYMENT_TARGET = 13.6;
				MTL_ENABLE_DEBUG_INFO = INCLUDE_SOURCE;
				MTL_FAST_MATH = YES;
				ONLY_ACTIVE_ARCH = YES;
				SDKROOT = iphoneos;
				SWIFT_ACTIVE_COMPILATION_CONDITIONS = DEBUG;
				SWIFT_OPTIMIZATION_LEVEL = "-Onone";
			};
			name = Debug;
		};
		245B6E8824D85EC20045221D /* Release */ = {
			isa = XCBuildConfiguration;
			buildSettings = {
				ALWAYS_SEARCH_USER_PATHS = NO;
				CLANG_ANALYZER_NONNULL = YES;
				CLANG_ANALYZER_NUMBER_OBJECT_CONVERSION = YES_AGGRESSIVE;
				CLANG_CXX_LANGUAGE_STANDARD = "gnu++14";
				CLANG_CXX_LIBRARY = "libc++";
				CLANG_ENABLE_MODULES = YES;
				CLANG_ENABLE_OBJC_ARC = YES;
				CLANG_ENABLE_OBJC_WEAK = YES;
				CLANG_WARN_BLOCK_CAPTURE_AUTORELEASING = YES;
				CLANG_WARN_BOOL_CONVERSION = YES;
				CLANG_WARN_COMMA = YES;
				CLANG_WARN_CONSTANT_CONVERSION = YES;
				CLANG_WARN_DEPRECATED_OBJC_IMPLEMENTATIONS = YES;
				CLANG_WARN_DIRECT_OBJC_ISA_USAGE = YES_ERROR;
				CLANG_WARN_DOCUMENTATION_COMMENTS = YES;
				CLANG_WARN_EMPTY_BODY = YES;
				CLANG_WARN_ENUM_CONVERSION = YES;
				CLANG_WARN_INFINITE_RECURSION = YES;
				CLANG_WARN_INT_CONVERSION = YES;
				CLANG_WARN_NON_LITERAL_NULL_CONVERSION = YES;
				CLANG_WARN_OBJC_IMPLICIT_RETAIN_SELF = YES;
				CLANG_WARN_OBJC_LITERAL_CONVERSION = YES;
				CLANG_WARN_OBJC_ROOT_CLASS = YES_ERROR;
				CLANG_WARN_RANGE_LOOP_ANALYSIS = YES;
				CLANG_WARN_STRICT_PROTOTYPES = YES;
				CLANG_WARN_SUSPICIOUS_MOVE = YES;
				CLANG_WARN_UNGUARDED_AVAILABILITY = YES_AGGRESSIVE;
				CLANG_WARN_UNREACHABLE_CODE = YES;
				CLANG_WARN__DUPLICATE_METHOD_MATCH = YES;
				COPY_PHASE_STRIP = NO;
				DEBUG_INFORMATION_FORMAT = "dwarf-with-dsym";
				ENABLE_NS_ASSERTIONS = NO;
				ENABLE_STRICT_OBJC_MSGSEND = YES;
				GCC_C_LANGUAGE_STANDARD = gnu11;
				GCC_NO_COMMON_BLOCKS = YES;
				GCC_WARN_64_TO_32_BIT_CONVERSION = YES;
				GCC_WARN_ABOUT_RETURN_TYPE = YES_ERROR;
				GCC_WARN_UNDECLARED_SELECTOR = YES;
				GCC_WARN_UNINITIALIZED_AUTOS = YES_AGGRESSIVE;
				GCC_WARN_UNUSED_FUNCTION = YES;
				GCC_WARN_UNUSED_VARIABLE = YES;
				IPHONEOS_DEPLOYMENT_TARGET = 13.6;
				MTL_ENABLE_DEBUG_INFO = NO;
				MTL_FAST_MATH = YES;
				SDKROOT = iphoneos;
				SWIFT_COMPILATION_MODE = wholemodule;
				SWIFT_OPTIMIZATION_LEVEL = "-O";
				VALIDATE_PRODUCT = YES;
			};
			name = Release;
		};
		245B6E8A24D85EC20045221D /* Debug */ = {
			isa = XCBuildConfiguration;
			buildSettings = {
				ASSETCATALOG_COMPILER_APPICON_NAME = AppIcon;
				CODE_SIGN_STYLE = Automatic;
				DEVELOPMENT_TEAM = G2JN7NTB5N;
				INFOPLIST_FILE = Cassini/Info.plist;
				LD_RUNPATH_SEARCH_PATHS = (
					"$(inherited)",
					"@executable_path/Frameworks",
				);
				PRODUCT_BUNDLE_IDENTIFIER = CS193p.2017Fall.Cassini;
				PRODUCT_NAME = "$(TARGET_NAME)";
				SWIFT_VERSION = 5.0;
				TARGETED_DEVICE_FAMILY = "1,2";
			};
			name = Debug;
		};
		245B6E8B24D85EC20045221D /* Release */ = {
			isa = XCBuildConfiguration;
			buildSettings = {
				ASSETCATALOG_COMPILER_APPICON_NAME = AppIcon;
				CODE_SIGN_STYLE = Automatic;
				DEVELOPMENT_TEAM = G2JN7NTB5N;
				INFOPLIST_FILE = Cassini/Info.plist;
				LD_RUNPATH_SEARCH_PATHS = (
					"$(inherited)",
					"@executable_path/Frameworks",
				);
				PRODUCT_BUNDLE_IDENTIFIER = CS193p.2017Fall.Cassini;
				PRODUCT_NAME = "$(TARGET_NAME)";
				SWIFT_VERSION = 5.0;
				TARGETED_DEVICE_FAMILY = "1,2";
			};
			name = Release;
		};
/* End XCBuildConfiguration section */

/* Begin XCConfigurationList section */
		245B6E7024D85EC10045221D /* Build configuration list for PBXProject "Cassini" */ = {
			isa = XCConfigurationList;
			buildConfigurations = (
				245B6E8724D85EC20045221D /* Debug */,
				245B6E8824D85EC20045221D /* Release */,
			);
			defaultConfigurationIsVisible = 0;
			defaultConfigurationName = Release;
		};
		245B6E8924D85EC20045221D /* Build configuration list for PBXNativeTarget "Cassini" */ = {
			isa = XCConfigurationList;
			buildConfigurations = (
				245B6E8A24D85EC20045221D /* Debug */,
				245B6E8B24D85EC20045221D /* Release */,
			);
			defaultConfigurationIsVisible = 0;
			defaultConfigurationName = Release;
		};
/* End XCConfigurationList section */
	};
	rootObject = 245B6E6D24D85EC10045221D /* Project object */;
}
