// !$*UTF8*$!
{
	archiveVersion = 1;
	classes = {
	};
	objectVersion = 50;
	objects = {

/* Begin PBXBuildFile section */
		2470EE3024E197F5009562C1 /* DocumentInfoViewController.swift in Sources */ = {isa = PBXBuildFile; fileRef = 2470EE2F24E197F5009562C1 /* DocumentInfoViewController.swift */; };
		24BDF86D24DEB70A00CC5CE6 /* AppDelegate.swift in Sources */ = {isa = PBXBuildFile; fileRef = 24BDF86C24DEB70A00CC5CE6 /* AppDelegate.swift */; };
		24BDF86F24DEB70A00CC5CE6 /* DocumentBrowserViewController.swift in Sources */ = {isa = PBXBuildFile; fileRef = 24BDF86E24DEB70A00CC5CE6 /* DocumentBrowserViewController.swift */; };
		24BDF87324DEB70A00CC5CE6 /* EmojiArtDocument.swift in Sources */ = {isa = PBXBuildFile; fileRef = 24BDF87224DEB70A00CC5CE6 /* EmojiArtDocument.swift */; };
		24BDF87624DEB70A00CC5CE6 /* Main.storyboard in Resources */ = {isa = PBXBuildFile; fileRef = 24BDF87424DEB70A00CC5CE6 /* Main.storyboard */; };
		24BDF87824DEB70A00CC5CE6 /* Assets.xcassets in Resources */ = {isa = PBXBuildFile; fileRef = 24BDF87724DEB70A00CC5CE6 /* Assets.xcassets */; };
		24BDF87B24DEB70A00CC5CE6 /* LaunchScreen.storyboard in Resources */ = {isa = PBXBuildFile; fileRef = 24BDF87924DEB70A00CC5CE6 /* LaunchScreen.storyboard */; };
		24BDF88B24DEBA2D00CC5CE6 /* EmojiArtView+Gestures.swift in Sources */ = {isa = PBXBuildFile; fileRef = 24BDF88424DEBA2D00CC5CE6 /* EmojiArtView+Gestures.swift */; };
		24BDF88C24DEBA2D00CC5CE6 /* EmojiArt.swift in Sources */ = {isa = PBXBuildFile; fileRef = 24BDF88524DEBA2D00CC5CE6 /* EmojiArt.swift */; };
		24BDF88D24DEBA2D00CC5CE6 /* EmojiArtViewController.swift in Sources */ = {isa = PBXBuildFile; fileRef = 24BDF88624DEBA2D00CC5CE6 /* EmojiArtViewController.swift */; };
		24BDF88E24DEBA2D00CC5CE6 /* EmojiArtView.swift in Sources */ = {isa = PBXBuildFile; fileRef = 24BDF88724DEBA2D00CC5CE6 /* EmojiArtView.swift */; };
		24BDF88F24DEBA2D00CC5CE6 /* Utilities.swift in Sources */ = {isa = PBXBuildFile; fileRef = 24BDF88824DEBA2D00CC5CE6 /* Utilities.swift */; };
		24BDF89024DEBA2D00CC5CE6 /* EmojiCollectionViewCell.swift in Sources */ = {isa = PBXBuildFile; fileRef = 24BDF88924DEBA2D00CC5CE6 /* EmojiCollectionViewCell.swift */; };
		24BDF89124DEBA2D00CC5CE6 /* TextFieldCollectionViewCell.swift in Sources */ = {isa = PBXBuildFile; fileRef = 24BDF88A24DEBA2D00CC5CE6 /* TextFieldCollectionViewCell.swift */; };
/* End PBXBuildFile section */

/* Begin PBXFileReference section */
		2470EE2F24E197F5009562C1 /* DocumentInfoViewController.swift */ = {isa = PBXFileReference; lastKnownFileType = sourcecode.swift; path = DocumentInfoViewController.swift; sourceTree = "<group>"; };
		24BDF86924DEB70A00CC5CE6 /* EmojiArt.app */ = {isa = PBXFileReference; explicitFileType = wrapper.application; includeInIndex = 0; path = EmojiArt.app; sourceTree = BUILT_PRODUCTS_DIR; };
		24BDF86C24DEB70A00CC5CE6 /* AppDelegate.swift */ = {isa = PBXFileReference; lastKnownFileType = sourcecode.swift; path = AppDelegate.swift; sourceTree = "<group>"; };
		24BDF86E24DEB70A00CC5CE6 /* DocumentBrowserViewController.swift */ = {isa = PBXFileReference; lastKnownFileType = sourcecode.swift; path = DocumentBrowserViewController.swift; sourceTree = "<group>"; };
		24BDF87224DEB70A00CC5CE6 /* EmojiArtDocument.swift */ = {isa = PBXFileReference; lastKnownFileType = sourcecode.swift; path = EmojiArtDocument.swift; sourceTree = "<group>"; };
		24BDF87524DEB70A00CC5CE6 /* Base */ = {isa = PBXFileReference; lastKnownFileType = file.storyboard; name = Base; path = Base.lproj/Main.storyboard; sourceTree = "<group>"; };
		24BDF87724DEB70A00CC5CE6 /* Assets.xcassets */ = {isa = PBXFileReference; lastKnownFileType = folder.assetcatalog; path = Assets.xcassets; sourceTree = "<group>"; };
		24BDF87A24DEB70A00CC5CE6 /* Base */ = {isa = PBXFileReference; lastKnownFileType = file.storyboard; name = Base; path = Base.lproj/LaunchScreen.storyboard; sourceTree = "<group>"; };
		24BDF87C24DEB70A00CC5CE6 /* Info.plist */ = {isa = PBXFileReference; lastKnownFileType = text.plist.xml; path = Info.plist; sourceTree = "<group>"; };
		24BDF88424DEBA2D00CC5CE6 /* EmojiArtView+Gestures.swift */ = {isa = PBXFileReference; fileEncoding = 4; lastKnownFileType = sourcecode.swift; name = "EmojiArtView+Gestures.swift"; path = "../../EmojiArtOld/EmojiArt/Supporting Files/EmojiArtView+Gestures.swift"; sourceTree = "<group>"; };
		24BDF88524DEBA2D00CC5CE6 /* EmojiArt.swift */ = {isa = PBXFileReference; fileEncoding = 4; lastKnownFileType = sourcecode.swift; name = EmojiArt.swift; path = ../../EmojiArtOld/EmojiArt/EmojiArt.swift; sourceTree = "<group>"; };
		24BDF88624DEBA2D00CC5CE6 /* EmojiArtViewController.swift */ = {isa = PBXFileReference; fileEncoding = 4; lastKnownFileType = sourcecode.swift; name = EmojiArtViewController.swift; path = ../../EmojiArtOld/EmojiArt/EmojiArtViewController.swift; sourceTree = "<group>"; };
		24BDF88724DEBA2D00CC5CE6 /* EmojiArtView.swift */ = {isa = PBXFileReference; fileEncoding = 4; lastKnownFileType = sourcecode.swift; name = EmojiArtView.swift; path = ../../EmojiArtOld/EmojiArt/EmojiArtView.swift; sourceTree = "<group>"; };
		24BDF88824DEBA2D00CC5CE6 /* Utilities.swift */ = {isa = PBXFileReference; fileEncoding = 4; lastKnownFileType = sourcecode.swift; name = Utilities.swift; path = "../../EmojiArtOld/EmojiArt/Supporting Files/Utilities.swift"; sourceTree = "<group>"; };
		24BDF88924DEBA2D00CC5CE6 /* EmojiCollectionViewCell.swift */ = {isa = PBXFileReference; fileEncoding = 4; lastKnownFileType = sourcecode.swift; name = EmojiCollectionViewCell.swift; path = "../../EmojiArtOld/EmojiArt/Supporting Files/EmojiCollectionViewCell.swift"; sourceTree = "<group>"; };
		24BDF88A24DEBA2D00CC5CE6 /* TextFieldCollectionViewCell.swift */ = {isa = PBXFileReference; fileEncoding = 4; lastKnownFileType = sourcecode.swift; name = TextFieldCollectionViewCell.swift; path = "../../EmojiArtOld/EmojiArt/Supporting Files/TextFieldCollectionViewCell.swift"; sourceTree = "<group>"; };
/* End PBXFileReference section */

/* Begin PBXFrameworksBuildPhase section */
		24BDF86624DEB70A00CC5CE6 /* Frameworks */ = {
			isa = PBXFrameworksBuildPhase;
			buildActionMask = 2147483647;
			files = (
			);
			runOnlyForDeploymentPostprocessing = 0;
		};
/* End PBXFrameworksBuildPhase section */

/* Begin PBXGroup section */
		24BDF86024DEB70A00CC5CE6 = {
			isa = PBXGroup;
			children = (
				24BDF86B24DEB70A00CC5CE6 /* EmojiArt */,
				24BDF86A24DEB70A00CC5CE6 /* Products */,
			);
			sourceTree = "<group>";
		};
		24BDF86A24DEB70A00CC5CE6 /* Products */ = {
			isa = PBXGroup;
			children = (
				24BDF86924DEB70A00CC5CE6 /* EmojiArt.app */,
			);
			name = Products;
			sourceTree = "<group>";
		};
		24BDF86B24DEB70A00CC5CE6 /* EmojiArt */ = {
			isa = PBXGroup;
			children = (
				24BDF87424DEB70A00CC5CE6 /* Main.storyboard */,
				24BDF86E24DEB70A00CC5CE6 /* DocumentBrowserViewController.swift */,
				24BDF88624DEBA2D00CC5CE6 /* EmojiArtViewController.swift */,
				2470EE2F24E197F5009562C1 /* DocumentInfoViewController.swift */,
				24BDF88724DEBA2D00CC5CE6 /* EmojiArtView.swift */,
				24BDF88424DEBA2D00CC5CE6 /* EmojiArtView+Gestures.swift */,
				24BDF87224DEB70A00CC5CE6 /* EmojiArtDocument.swift */,
				24BDF88524DEBA2D00CC5CE6 /* EmojiArt.swift */,
				24BDF88924DEBA2D00CC5CE6 /* EmojiCollectionViewCell.swift */,
				24BDF88A24DEBA2D00CC5CE6 /* TextFieldCollectionViewCell.swift */,
				24BDF88824DEBA2D00CC5CE6 /* Utilities.swift */,
				24BDF88224DEB71A00CC5CE6 /* Supporting Files */,
				24BDF87C24DEB70A00CC5CE6 /* Info.plist */,
			);
			path = EmojiArt;
			sourceTree = "<group>";
		};
		24BDF88224DEB71A00CC5CE6 /* Supporting Files */ = {
			isa = PBXGroup;
			children = (
				24BDF86C24DEB70A00CC5CE6 /* AppDelegate.swift */,
				24BDF87724DEB70A00CC5CE6 /* Assets.xcassets */,
				24BDF87924DEB70A00CC5CE6 /* LaunchScreen.storyboard */,
			);
			path = "Supporting Files";
			sourceTree = "<group>";
		};
/* End PBXGroup section */

/* Begin PBXNativeTarget section */
		24BDF86824DEB70A00CC5CE6 /* EmojiArt */ = {
			isa = PBXNativeTarget;
			buildConfigurationList = 24BDF87F24DEB70A00CC5CE6 /* Build configuration list for PBXNativeTarget "EmojiArt" */;
			buildPhases = (
				24BDF86524DEB70A00CC5CE6 /* Sources */,
				24BDF86624DEB70A00CC5CE6 /* Frameworks */,
				24BDF86724DEB70A00CC5CE6 /* Resources */,
			);
			buildRules = (
			);
			dependencies = (
			);
			name = EmojiArt;
			productName = EmojiArt;
			productReference = 24BDF86924DEB70A00CC5CE6 /* EmojiArt.app */;
			productType = "com.apple.product-type.application";
		};
/* End PBXNativeTarget section */

/* Begin PBXProject section */
		24BDF86124DEB70A00CC5CE6 /* Project object */ = {
			isa = PBXProject;
			attributes = {
				LastSwiftUpdateCheck = 1160;
				LastUpgradeCheck = 1160;
				ORGANIZATIONNAME = Sophia_fez;
				TargetAttributes = {
					24BDF86824DEB70A00CC5CE6 = {
						CreatedOnToolsVersion = 11.6;
					};
				};
			};
			buildConfigurationList = 24BDF86424DEB70A00CC5CE6 /* Build configuration list for PBXProject "EmojiArt" */;
			compatibilityVersion = "Xcode 9.3";
			developmentRegion = en;
			hasScannedForEncodings = 0;
			knownRegions = (
				en,
				Base,
			);
			mainGroup = 24BDF86024DEB70A00CC5CE6;
			productRefGroup = 24BDF86A24DEB70A00CC5CE6 /* Products */;
			projectDirPath = "";
			projectRoot = "";
			targets = (
				24BDF86824DEB70A00CC5CE6 /* EmojiArt */,
			);
		};
/* End PBXProject section */

/* Begin PBXResourcesBuildPhase section */
		24BDF86724DEB70A00CC5CE6 /* Resources */ = {
			isa = PBXResourcesBuildPhase;
			buildActionMask = 2147483647;
			files = (
				24BDF87B24DEB70A00CC5CE6 /* LaunchScreen.storyboard in Resources */,
				24BDF87824DEB70A00CC5CE6 /* Assets.xcassets in Resources */,
				24BDF87624DEB70A00CC5CE6 /* Main.storyboard in Resources */,
			);
			runOnlyForDeploymentPostprocessing = 0;
		};
/* End PBXResourcesBuildPhase section */

/* Begin PBXSourcesBuildPhase section */
		24BDF86524DEB70A00CC5CE6 /* Sources */ = {
			isa = PBXSourcesBuildPhase;
			buildActionMask = 2147483647;
			files = (
				2470EE3024E197F5009562C1 /* DocumentInfoViewController.swift in Sources */,
				24BDF87324DEB70A00CC5CE6 /* EmojiArtDocument.swift in Sources */,
				24BDF88D24DEBA2D00CC5CE6 /* EmojiArtViewController.swift in Sources */,
				24BDF88B24DEBA2D00CC5CE6 /* EmojiArtView+Gestures.swift in Sources */,
				24BDF88C24DEBA2D00CC5CE6 /* EmojiArt.swift in Sources */,
				24BDF88E24DEBA2D00CC5CE6 /* EmojiArtView.swift in Sources */,
				24BDF86F24DEB70A00CC5CE6 /* DocumentBrowserViewController.swift in Sources */,
				24BDF88F24DEBA2D00CC5CE6 /* Utilities.swift in Sources */,
				24BDF89024DEBA2D00CC5CE6 /* EmojiCollectionViewCell.swift in Sources */,
				24BDF89124DEBA2D00CC5CE6 /* TextFieldCollectionViewCell.swift in Sources */,
				24BDF86D24DEB70A00CC5CE6 /* AppDelegate.swift in Sources */,
			);
			runOnlyForDeploymentPostprocessing = 0;
		};
/* End PBXSourcesBuildPhase section */

/* Begin PBXVariantGroup section */
		24BDF87424DEB70A00CC5CE6 /* Main.storyboard */ = {
			isa = PBXVariantGroup;
			children = (
				24BDF87524DEB70A00CC5CE6 /* Base */,
			);
			name = Main.storyboard;
			sourceTree = "<group>";
		};
		24BDF87924DEB70A00CC5CE6 /* LaunchScreen.storyboard */ = {
			isa = PBXVariantGroup;
			children = (
				24BDF87A24DEB70A00CC5CE6 /* Base */,
			);
			name = LaunchScreen.storyboard;
			sourceTree = "<group>";
		};
/* End PBXVariantGroup section */

/* Begin XCBuildConfiguration section */
		24BDF87D24DEB70A00CC5CE6 /* Debug */ = {
			isa = XCBuildConfiguration;
			buildSettings = {
				ALWAYS_SEARCH_USER_PATHS = NO;
				CLANG_ANALYZER_NONNULL = YES;
				CLANG_ANALYZER_NUMBER_OBJECT_CONVERSION = YES_AGGRESSIVE;
				CLANG_CXX_LANGUAGE_STANDARD = "gnu++14";
				CLANG_CXX_LIBRARY = "libc++";
				CLANG_ENABLE_MODULES = YES;
				CLANG_ENABLE_OBJC_ARC = YES;
				CLANG_ENABLE_OBJC_WEAK = YES;
				CLANG_WARN_BLOCK_CAPTURE_AUTORELEASING = YES;
				CLANG_WARN_BOOL_CONVERSION = YES;
				CLANG_WARN_COMMA = YES;
				CLANG_WARN_CONSTANT_CONVERSION = YES;
				CLANG_WARN_DEPRECATED_OBJC_IMPLEMENTATIONS = YES;
				CLANG_WARN_DIRECT_OBJC_ISA_USAGE = YES_ERROR;
				CLANG_WARN_DOCUMENTATION_COMMENTS = YES;
				CLANG_WARN_EMPTY_BODY = YES;
				CLANG_WARN_ENUM_CONVERSION = YES;
				CLANG_WARN_INFINITE_RECURSION = YES;
				CLANG_WARN_INT_CONVERSION = YES;
				CLANG_WARN_NON_LITERAL_NULL_CONVERSION = YES;
				CLANG_WARN_OBJC_IMPLICIT_RETAIN_SELF = YES;
				CLANG_WARN_OBJC_LITERAL_CONVERSION = YES;
				CLANG_WARN_OBJC_ROOT_CLASS = YES_ERROR;
				CLANG_WARN_RANGE_LOOP_ANALYSIS = YES;
				CLANG_WARN_STRICT_PROTOTYPES = YES;
				CLANG_WARN_SUSPICIOUS_MOVE = YES;
				CLANG_WARN_UNGUARDED_AVAILABILITY = YES_AGGRESSIVE;
				CLANG_WARN_UNREACHABLE_CODE = YES;
				CLANG_WARN__DUPLICATE_METHOD_MATCH = YES;
				COPY_PHASE_STRIP = NO;
				DEBUG_INFORMATION_FORMAT = dwarf;
				ENABLE_STRICT_OBJC_MSGSEND = YES;
				ENABLE_TESTABILITY = YES;
				GCC_C_LANGUAGE_STANDARD = gnu11;
				GCC_DYNAMIC_NO_PIC = NO;
				GCC_NO_COMMON_BLOCKS = YES;
				GCC_OPTIMIZATION_LEVEL = 0;
				GCC_PREPROCESSOR_DEFINITIONS = (
					"DEBUG=1",
					"$(inherited)",
				);
				GCC_WARN_64_TO_32_BIT_CONVERSION = YES;
				GCC_WARN_ABOUT_RETURN_TYPE = YES_ERROR;
				GCC_WARN_UNDECLARED_SELECTOR = YES;
				GCC_WARN_UNINITIALIZED_AUTOS = YES_AGGRESSIVE;
				GCC_WARN_UNUSED_FUNCTION = YES;
				GCC_WARN_UNUSED_VARIABLE = YES;
				IPHONEOS_DEPLOYMENT_TARGET = 13.6;
				MTL_ENABLE_DEBUG_INFO = INCLUDE_SOURCE;
				MTL_FAST_MATH = YES;
				ONLY_ACTIVE_ARCH = YES;
				SDKROOT = iphoneos;
				SWIFT_ACTIVE_COMPILATION_CONDITIONS = DEBUG;
				SWIFT_OPTIMIZATION_LEVEL = "-Onone";
			};
			name = Debug;
		};
		24BDF87E24DEB70A00CC5CE6 /* Release */ = {
			isa = XCBuildConfiguration;
			buildSettings = {
				ALWAYS_SEARCH_USER_PATHS = NO;
				CLANG_ANALYZER_NONNULL = YES;
				CLANG_ANALYZER_NUMBER_OBJECT_CONVERSION = YES_AGGRESSIVE;
				CLANG_CXX_LANGUAGE_STANDARD = "gnu++14";
				CLANG_CXX_LIBRARY = "libc++";
				CLANG_ENABLE_MODULES = YES;
				CLANG_ENABLE_OBJC_ARC = YES;
				CLANG_ENABLE_OBJC_WEAK = YES;
				CLANG_WARN_BLOCK_CAPTURE_AUTORELEASING = YES;
				CLANG_WARN_BOOL_CONVERSION = YES;
				CLANG_WARN_COMMA = YES;
				CLANG_WARN_CONSTANT_CONVERSION = YES;
				CLANG_WARN_DEPRECATED_OBJC_IMPLEMENTATIONS = YES;
				CLANG_WARN_DIRECT_OBJC_ISA_USAGE = YES_ERROR;
				CLANG_WARN_DOCUMENTATION_COMMENTS = YES;
				CLANG_WARN_EMPTY_BODY = YES;
				CLANG_WARN_ENUM_CONVERSION = YES;
				CLANG_WARN_INFINITE_RECURSION = YES;
				CLANG_WARN_INT_CONVERSION = YES;
				CLANG_WARN_NON_LITERAL_NULL_CONVERSION = YES;
				CLANG_WARN_OBJC_IMPLICIT_RETAIN_SELF = YES;
				CLANG_WARN_OBJC_LITERAL_CONVERSION = YES;
				CLANG_WARN_OBJC_ROOT_CLASS = YES_ERROR;
				CLANG_WARN_RANGE_LOOP_ANALYSIS = YES;
				CLANG_WARN_STRICT_PROTOTYPES = YES;
				CLANG_WARN_SUSPICIOUS_MOVE = YES;
				CLANG_WARN_UNGUARDED_AVAILABILITY = YES_AGGRESSIVE;
				CLANG_WARN_UNREACHABLE_CODE = YES;
				CLANG_WARN__DUPLICATE_METHOD_MATCH = YES;
				COPY_PHASE_STRIP = NO;
				DEBUG_INFORMATION_FORMAT = "dwarf-with-dsym";
				ENABLE_NS_ASSERTIONS = NO;
				ENABLE_STRICT_OBJC_MSGSEND = YES;
				GCC_C_LANGUAGE_STANDARD = gnu11;
				GCC_NO_COMMON_BLOCKS = YES;
				GCC_WARN_64_TO_32_BIT_CONVERSION = YES;
				GCC_WARN_ABOUT_RETURN_TYPE = YES_ERROR;
				GCC_WARN_UNDECLARED_SELECTOR = YES;
				GCC_WARN_UNINITIALIZED_AUTOS = YES_AGGRESSIVE;
				GCC_WARN_UNUSED_FUNCTION = YES;
				GCC_WARN_UNUSED_VARIABLE = YES;
				IPHONEOS_DEPLOYMENT_TARGET = 13.6;
				MTL_ENABLE_DEBUG_INFO = NO;
				MTL_FAST_MATH = YES;
				SDKROOT = iphoneos;
				SWIFT_COMPILATION_MODE = wholemodule;
				SWIFT_OPTIMIZATION_LEVEL = "-O";
				VALIDATE_PRODUCT = YES;
			};
			name = Release;
		};
		24BDF88024DEB70A00CC5CE6 /* Debug */ = {
			isa = XCBuildConfiguration;
			buildSettings = {
				ASSETCATALOG_COMPILER_APPICON_NAME = AppIcon;
				CODE_SIGN_STYLE = Automatic;
				DEVELOPMENT_TEAM = G2JN7NTB5N;
				INFOPLIST_FILE = EmojiArt/Info.plist;
				LD_RUNPATH_SEARCH_PATHS = (
					"$(inherited)",
					"@executable_path/Frameworks",
				);
				PRODUCT_BUNDLE_IDENTIFIER = CS193p.2017Fall.EmojiArt;
				PRODUCT_NAME = "$(TARGET_NAME)";
				SWIFT_VERSION = 5.0;
				TARGETED_DEVICE_FAMILY = "1,2";
			};
			name = Debug;
		};
		24BDF88124DEB70A00CC5CE6 /* Release */ = {
			isa = XCBuildConfiguration;
			buildSettings = {
				ASSETCATALOG_COMPILER_APPICON_NAME = AppIcon;
				CODE_SIGN_STYLE = Automatic;
				DEVELOPMENT_TEAM = G2JN7NTB5N;
				INFOPLIST_FILE = EmojiArt/Info.plist;
				LD_RUNPATH_SEARCH_PATHS = (
					"$(inherited)",
					"@executable_path/Frameworks",
				);
				PRODUCT_BUNDLE_IDENTIFIER = CS193p.2017Fall.EmojiArt;
				PRODUCT_NAME = "$(TARGET_NAME)";
				SWIFT_VERSION = 5.0;
				TARGETED_DEVICE_FAMILY = "1,2";
			};
			name = Release;
		};
/* End XCBuildConfiguration section */

/* Begin XCConfigurationList section */
		24BDF86424DEB70A00CC5CE6 /* Build configuration list for PBXProject "EmojiArt" */ = {
			isa = XCConfigurationList;
			buildConfigurations = (
				24BDF87D24DEB70A00CC5CE6 /* Debug */,
				24BDF87E24DEB70A00CC5CE6 /* Release */,
			);
			defaultConfigurationIsVisible = 0;
			defaultConfigurationName = Release;
		};
		24BDF87F24DEB70A00CC5CE6 /* Build configuration list for PBXNativeTarget "EmojiArt" */ = {
			isa = XCConfigurationList;
			buildConfigurations = (
				24BDF88024DEB70A00CC5CE6 /* Debug */,
				24BDF88124DEB70A00CC5CE6 /* Release */,
			);
			defaultConfigurationIsVisible = 0;
			defaultConfigurationName = Release;
		};
/* End XCConfigurationList section */
	};
	rootObject = 24BDF86124DEB70A00CC5CE6 /* Project object */;
}
