// !$*UTF8*$!
{
	archiveVersion = 1;
	classes = {
	};
	objectVersion = 50;
	objects = {

/* Begin PBXBuildFile section */
		2445E6CD24DE9410007342D2 /* EmojiArt.swift in Sources */ = {isa = PBXBuildFile; fileRef = 2445E6CC24DE9410007342D2 /* EmojiArt.swift */; };
		24541ECF24DAFC7D00F477BE /* AppDelegate.swift in Sources */ = {isa = PBXBuildFile; fileRef = 24541ECE24DAFC7D00F477BE /* AppDelegate.swift */; };
		24541ED124DAFC7D00F477BE /* SceneDelegate.swift in Sources */ = {isa = PBXBuildFile; fileRef = 24541ED024DAFC7D00F477BE /* SceneDelegate.swift */; };
		24541ED624DAFC7D00F477BE /* Main.storyboard in Resources */ = {isa = PBXBuildFile; fileRef = 24541ED424DAFC7D00F477BE /* Main.storyboard */; };
		24541ED824DAFC7D00F477BE /* Assets.xcassets in Resources */ = {isa = PBXBuildFile; fileRef = 24541ED724DAFC7D00F477BE /* Assets.xcassets */; };
		24541EDB24DAFC7D00F477BE /* LaunchScreen.storyboard in Resources */ = {isa = PBXBuildFile; fileRef = 24541ED924DAFC7D00F477BE /* LaunchScreen.storyboard */; };
		24541EE424DAFCE900F477BE /* EmojiArtViewController.swift in Sources */ = {isa = PBXBuildFile; fileRef = 24541EE324DAFCE900F477BE /* EmojiArtViewController.swift */; };
		24541EE624DAFD3800F477BE /* EmojiArtView.swift in Sources */ = {isa = PBXBuildFile; fileRef = 24541EE524DAFD3800F477BE /* EmojiArtView.swift */; };
		24541EE824DB01A600F477BE /* Utilities.swift in Sources */ = {isa = PBXBuildFile; fileRef = 24541EE724DB01A600F477BE /* Utilities.swift */; };
		24678C9724DBED31001329F8 /* EmojiArtDocumentTableViewController.swift in Sources */ = {isa = PBXBuildFile; fileRef = 24678C9624DBED31001329F8 /* EmojiArtDocumentTableViewController.swift */; };
		24678C9924DC49BD001329F8 /* EmojiCollectionViewCell.swift in Sources */ = {isa = PBXBuildFile; fileRef = 24678C9824DC49BD001329F8 /* EmojiCollectionViewCell.swift */; };
		2492B1AF24DD99DB00CDC345 /* EmojiArtView+Gestures.swift in Sources */ = {isa = PBXBuildFile; fileRef = 2492B1AE24DD99DB00CDC345 /* EmojiArtView+Gestures.swift */; };
		24FBDDDA24DDA35B0025B303 /* TextFieldCollectionViewCell.swift in Sources */ = {isa = PBXBuildFile; fileRef = 24FBDDD924DDA35B0025B303 /* TextFieldCollectionViewCell.swift */; };
/* End PBXBuildFile section */

/* Begin PBXFileReference section */
		2445E6CC24DE9410007342D2 /* EmojiArt.swift */ = {isa = PBXFileReference; lastKnownFileType = sourcecode.swift; path = EmojiArt.swift; sourceTree = "<group>"; };
		24541ECB24DAFC7D00F477BE /* EmojiArt.app */ = {isa = PBXFileReference; explicitFileType = wrapper.application; includeInIndex = 0; path = EmojiArt.app; sourceTree = BUILT_PRODUCTS_DIR; };
		24541ECE24DAFC7D00F477BE /* AppDelegate.swift */ = {isa = PBXFileReference; lastKnownFileType = sourcecode.swift; path = AppDelegate.swift; sourceTree = "<group>"; };
		24541ED024DAFC7D00F477BE /* SceneDelegate.swift */ = {isa = PBXFileReference; lastKnownFileType = sourcecode.swift; path = SceneDelegate.swift; sourceTree = "<group>"; };
		24541ED524DAFC7D00F477BE /* Base */ = {isa = PBXFileReference; lastKnownFileType = file.storyboard; name = Base; path = Base.lproj/Main.storyboard; sourceTree = "<group>"; };
		24541ED724DAFC7D00F477BE /* Assets.xcassets */ = {isa = PBXFileReference; lastKnownFileType = folder.assetcatalog; path = Assets.xcassets; sourceTree = "<group>"; };
		24541EDA24DAFC7D00F477BE /* Base */ = {isa = PBXFileReference; lastKnownFileType = file.storyboard; name = Base; path = Base.lproj/LaunchScreen.storyboard; sourceTree = "<group>"; };
		24541EDC24DAFC7D00F477BE /* Info.plist */ = {isa = PBXFileReference; lastKnownFileType = text.plist.xml; path = Info.plist; sourceTree = "<group>"; };
		24541EE324DAFCE900F477BE /* EmojiArtViewController.swift */ = {isa = PBXFileReference; lastKnownFileType = sourcecode.swift; path = EmojiArtViewController.swift; sourceTree = "<group>"; };
		24541EE524DAFD3800F477BE /* EmojiArtView.swift */ = {isa = PBXFileReference; lastKnownFileType = sourcecode.swift; path = EmojiArtView.swift; sourceTree = "<group>"; };
		24541EE724DB01A600F477BE /* Utilities.swift */ = {isa = PBXFileReference; fileEncoding = 4; lastKnownFileType = sourcecode.swift; path = Utilities.swift; sourceTree = "<group>"; };
		24678C9624DBED31001329F8 /* EmojiArtDocumentTableViewController.swift */ = {isa = PBXFileReference; lastKnownFileType = sourcecode.swift; path = EmojiArtDocumentTableViewController.swift; sourceTree = "<group>"; };
		24678C9824DC49BD001329F8 /* EmojiCollectionViewCell.swift */ = {isa = PBXFileReference; lastKnownFileType = sourcecode.swift; path = EmojiCollectionViewCell.swift; sourceTree = "<group>"; };
		2492B1AE24DD99DB00CDC345 /* EmojiArtView+Gestures.swift */ = {isa = PBXFileReference; fileEncoding = 4; lastKnownFileType = sourcecode.swift; path = "EmojiArtView+Gestures.swift"; sourceTree = "<group>"; };
		24FBDDD924DDA35B0025B303 /* TextFieldCollectionViewCell.swift */ = {isa = PBXFileReference; lastKnownFileType = sourcecode.swift; path = TextFieldCollectionViewCell.swift; sourceTree = "<group>"; };
/* End PBXFileReference section */

/* Begin PBXFrameworksBuildPhase section */
		24541EC824DAFC7D00F477BE /* Frameworks */ = {
			isa = PBXFrameworksBuildPhase;
			buildActionMask = 2147483647;
			files = (
			);
			runOnlyForDeploymentPostprocessing = 0;
		};
/* End PBXFrameworksBuildPhase section */

/* Begin PBXGroup section */
		24541EC224DAFC7D00F477BE = {
			isa = PBXGroup;
			children = (
				24541ECD24DAFC7D00F477BE /* EmojiArt */,
				24541ECC24DAFC7D00F477BE /* Products */,
			);
			sourceTree = "<group>";
		};
		24541ECC24DAFC7D00F477BE /* Products */ = {
			isa = PBXGroup;
			children = (
				24541ECB24DAFC7D00F477BE /* EmojiArt.app */,
			);
			name = Products;
			sourceTree = "<group>";
		};
		24541ECD24DAFC7D00F477BE /* EmojiArt */ = {
			isa = PBXGroup;
			children = (
				24541ED424DAFC7D00F477BE /* Main.storyboard */,
				2445E6CC24DE9410007342D2 /* EmojiArt.swift */,
				24541EE524DAFD3800F477BE /* EmojiArtView.swift */,
				24541EE324DAFCE900F477BE /* EmojiArtViewController.swift */,
				24541EE224DAFC8F00F477BE /* Supporting Files */,
				24BDF89224DEBB7C00CC5CE6 /* Junk */,
				24541EDC24DAFC7D00F477BE /* Info.plist */,
			);
			path = EmojiArt;
			sourceTree = "<group>";
		};
		24541EE224DAFC8F00F477BE /* Supporting Files */ = {
			isa = PBXGroup;
			children = (
				24FBDDD924DDA35B0025B303 /* TextFieldCollectionViewCell.swift */,
				24678C9824DC49BD001329F8 /* EmojiCollectionViewCell.swift */,
				2492B1AE24DD99DB00CDC345 /* EmojiArtView+Gestures.swift */,
				24541EE724DB01A600F477BE /* Utilities.swift */,
				24541ED924DAFC7D00F477BE /* LaunchScreen.storyboard */,
				24541ECE24DAFC7D00F477BE /* AppDelegate.swift */,
				24541ED024DAFC7D00F477BE /* SceneDelegate.swift */,
				24541ED724DAFC7D00F477BE /* Assets.xcassets */,
			);
			path = "Supporting Files";
			sourceTree = "<group>";
		};
		24BDF89224DEBB7C00CC5CE6 /* Junk */ = {
			isa = PBXGroup;
			children = (
				24678C9624DBED31001329F8 /* EmojiArtDocumentTableViewController.swift */,
			);
			path = Junk;
			sourceTree = "<group>";
		};
/* End PBXGroup section */

/* Begin PBXNativeTarget section */
		24541ECA24DAFC7D00F477BE /* EmojiArt */ = {
			isa = PBXNativeTarget;
			buildConfigurationList = 24541EDF24DAFC7D00F477BE /* Build configuration list for PBXNativeTarget "EmojiArt" */;
			buildPhases = (
				24541EC724DAFC7D00F477BE /* Sources */,
				24541EC824DAFC7D00F477BE /* Frameworks */,
				24541EC924DAFC7D00F477BE /* Resources */,
			);
			buildRules = (
			);
			dependencies = (
			);
			name = EmojiArt;
			productName = EmojiArt;
			productReference = 24541ECB24DAFC7D00F477BE /* EmojiArt.app */;
			productType = "com.apple.product-type.application";
		};
/* End PBXNativeTarget section */

/* Begin PBXProject section */
		24541EC324DAFC7D00F477BE /* Project object */ = {
			isa = PBXProject;
			attributes = {
				LastSwiftUpdateCheck = 1160;
				LastUpgradeCheck = 1160;
				ORGANIZATIONNAME = Sophia_fez;
				TargetAttributes = {
					24541ECA24DAFC7D00F477BE = {
						CreatedOnToolsVersion = 11.6;
					};
				};
			};
			buildConfigurationList = 24541EC624DAFC7D00F477BE /* Build configuration list for PBXProject "EmojiArt" */;
			compatibilityVersion = "Xcode 9.3";
			developmentRegion = en;
			hasScannedForEncodings = 0;
			knownRegions = (
				en,
				Base,
			);
			mainGroup = 24541EC224DAFC7D00F477BE;
			productRefGroup = 24541ECC24DAFC7D00F477BE /* Products */;
			projectDirPath = "";
			projectRoot = "";
			targets = (
				24541ECA24DAFC7D00F477BE /* EmojiArt */,
			);
		};
/* End PBXProject section */

/* Begin PBXResourcesBuildPhase section */
		24541EC924DAFC7D00F477BE /* Resources */ = {
			isa = PBXResourcesBuildPhase;
			buildActionMask = 2147483647;
			files = (
				24541EDB24DAFC7D00F477BE /* LaunchScreen.storyboard in Resources */,
				24541ED824DAFC7D00F477BE /* Assets.xcassets in Resources */,
				24541ED624DAFC7D00F477BE /* Main.storyboard in Resources */,
			);
			runOnlyForDeploymentPostprocessing = 0;
		};
/* End PBXResourcesBuildPhase section */

/* Begin PBXSourcesBuildPhase section */
		24541EC724DAFC7D00F477BE /* Sources */ = {
			isa = PBXSourcesBuildPhase;
			buildActionMask = 2147483647;
			files = (
				24FBDDDA24DDA35B0025B303 /* TextFieldCollectionViewCell.swift in Sources */,
				24678C9924DC49BD001329F8 /* EmojiCollectionViewCell.swift in Sources */,
				2445E6CD24DE9410007342D2 /* EmojiArt.swift in Sources */,
				2492B1AF24DD99DB00CDC345 /* EmojiArtView+Gestures.swift in Sources */,
				24541ECF24DAFC7D00F477BE /* AppDelegate.swift in Sources */,
				24678C9724DBED31001329F8 /* EmojiArtDocumentTableViewController.swift in Sources */,
				24541EE424DAFCE900F477BE /* EmojiArtViewController.swift in Sources */,
				24541ED124DAFC7D00F477BE /* SceneDelegate.swift in Sources */,
				24541EE824DB01A600F477BE /* Utilities.swift in Sources */,
				24541EE624DAFD3800F477BE /* EmojiArtView.swift in Sources */,
			);
			runOnlyForDeploymentPostprocessing = 0;
		};
/* End PBXSourcesBuildPhase section */

/* Begin PBXVariantGroup section */
		24541ED424DAFC7D00F477BE /* Main.storyboard */ = {
			isa = PBXVariantGroup;
			children = (
				24541ED524DAFC7D00F477BE /* Base */,
			);
			name = Main.storyboard;
			sourceTree = "<group>";
		};
		24541ED924DAFC7D00F477BE /* LaunchScreen.storyboard */ = {
			isa = PBXVariantGroup;
			children = (
				24541EDA24DAFC7D00F477BE /* Base */,
			);
			name = LaunchScreen.storyboard;
			sourceTree = "<group>";
		};
/* End PBXVariantGroup section */

/* Begin XCBuildConfiguration section */
		24541EDD24DAFC7D00F477BE /* Debug */ = {
			isa = XCBuildConfiguration;
			buildSettings = {
				ALWAYS_SEARCH_USER_PATHS = NO;
				CLANG_ANALYZER_NONNULL = YES;
				CLANG_ANALYZER_NUMBER_OBJECT_CONVERSION = YES_AGGRESSIVE;
				CLANG_CXX_LANGUAGE_STANDARD = "gnu++14";
				CLANG_CXX_LIBRARY = "libc++";
				CLANG_ENABLE_MODULES = YES;
				CLANG_ENABLE_OBJC_ARC = YES;
				CLANG_ENABLE_OBJC_WEAK = YES;
				CLANG_WARN_BLOCK_CAPTURE_AUTORELEASING = YES;
				CLANG_WARN_BOOL_CONVERSION = YES;
				CLANG_WARN_COMMA = YES;
				CLANG_WARN_CONSTANT_CONVERSION = YES;
				CLANG_WARN_DEPRECATED_OBJC_IMPLEMENTATIONS = YES;
				CLANG_WARN_DIRECT_OBJC_ISA_USAGE = YES_ERROR;
				CLANG_WARN_DOCUMENTATION_COMMENTS = YES;
				CLANG_WARN_EMPTY_BODY = YES;
				CLANG_WARN_ENUM_CONVERSION = YES;
				CLANG_WARN_INFINITE_RECURSION = YES;
				CLANG_WARN_INT_CONVERSION = YES;
				CLANG_WARN_NON_LITERAL_NULL_CONVERSION = YES;
				CLANG_WARN_OBJC_IMPLICIT_RETAIN_SELF = YES;
				CLANG_WARN_OBJC_LITERAL_CONVERSION = YES;
				CLANG_WARN_OBJC_ROOT_CLASS = YES_ERROR;
				CLANG_WARN_RANGE_LOOP_ANALYSIS = YES;
				CLANG_WARN_STRICT_PROTOTYPES = YES;
				CLANG_WARN_SUSPICIOUS_MOVE = YES;
				CLANG_WARN_UNGUARDED_AVAILABILITY = YES_AGGRESSIVE;
				CLANG_WARN_UNREACHABLE_CODE = YES;
				CLANG_WARN__DUPLICATE_METHOD_MATCH = YES;
				COPY_PHASE_STRIP = NO;
				DEBUG_INFORMATION_FORMAT = dwarf;
				ENABLE_STRICT_OBJC_MSGSEND = YES;
				ENABLE_TESTABILITY = YES;
				GCC_C_LANGUAGE_STANDARD = gnu11;
				GCC_DYNAMIC_NO_PIC = NO;
				GCC_NO_COMMON_BLOCKS = YES;
				GCC_OPTIMIZATION_LEVEL = 0;
				GCC_PREPROCESSOR_DEFINITIONS = (
					"DEBUG=1",
					"$(inherited)",
				);
				GCC_WARN_64_TO_32_BIT_CONVERSION = YES;
				GCC_WARN_ABOUT_RETURN_TYPE = YES_ERROR;
				GCC_WARN_UNDECLARED_SELECTOR = YES;
				GCC_WARN_UNINITIALIZED_AUTOS = YES_AGGRESSIVE;
				GCC_WARN_UNUSED_FUNCTION = YES;
				GCC_WARN_UNUSED_VARIABLE = YES;
				IPHONEOS_DEPLOYMENT_TARGET = 13.6;
				MTL_ENABLE_DEBUG_INFO = INCLUDE_SOURCE;
				MTL_FAST_MATH = YES;
				ONLY_ACTIVE_ARCH = YES;
				SDKROOT = iphoneos;
				SWIFT_ACTIVE_COMPILATION_CONDITIONS = DEBUG;
				SWIFT_OPTIMIZATION_LEVEL = "-Onone";
			};
			name = Debug;
		};
		24541EDE24DAFC7D00F477BE /* Release */ = {
			isa = XCBuildConfiguration;
			buildSettings = {
				ALWAYS_SEARCH_USER_PATHS = NO;
				CLANG_ANALYZER_NONNULL = YES;
				CLANG_ANALYZER_NUMBER_OBJECT_CONVERSION = YES_AGGRESSIVE;
				CLANG_CXX_LANGUAGE_STANDARD = "gnu++14";
				CLANG_CXX_LIBRARY = "libc++";
				CLANG_ENABLE_MODULES = YES;
				CLANG_ENABLE_OBJC_ARC = YES;
				CLANG_ENABLE_OBJC_WEAK = YES;
				CLANG_WARN_BLOCK_CAPTURE_AUTORELEASING = YES;
				CLANG_WARN_BOOL_CONVERSION = YES;
				CLANG_WARN_COMMA = YES;
				CLANG_WARN_CONSTANT_CONVERSION = YES;
				CLANG_WARN_DEPRECATED_OBJC_IMPLEMENTATIONS = YES;
				CLANG_WARN_DIRECT_OBJC_ISA_USAGE = YES_ERROR;
				CLANG_WARN_DOCUMENTATION_COMMENTS = YES;
				CLANG_WARN_EMPTY_BODY = YES;
				CLANG_WARN_ENUM_CONVERSION = YES;
				CLANG_WARN_INFINITE_RECURSION = YES;
				CLANG_WARN_INT_CONVERSION = YES;
				CLANG_WARN_NON_LITERAL_NULL_CONVERSION = YES;
				CLANG_WARN_OBJC_IMPLICIT_RETAIN_SELF = YES;
				CLANG_WARN_OBJC_LITERAL_CONVERSION = YES;
				CLANG_WARN_OBJC_ROOT_CLASS = YES_ERROR;
				CLANG_WARN_RANGE_LOOP_ANALYSIS = YES;
				CLANG_WARN_STRICT_PROTOTYPES = YES;
				CLANG_WARN_SUSPICIOUS_MOVE = YES;
				CLANG_WARN_UNGUARDED_AVAILABILITY = YES_AGGRESSIVE;
				CLANG_WARN_UNREACHABLE_CODE = YES;
				CLANG_WARN__DUPLICATE_METHOD_MATCH = YES;
				COPY_PHASE_STRIP = NO;
				DEBUG_INFORMATION_FORMAT = "dwarf-with-dsym";
				ENABLE_NS_ASSERTIONS = NO;
				ENABLE_STRICT_OBJC_MSGSEND = YES;
				GCC_C_LANGUAGE_STANDARD = gnu11;
				GCC_NO_COMMON_BLOCKS = YES;
				GCC_WARN_64_TO_32_BIT_CONVERSION = YES;
				GCC_WARN_ABOUT_RETURN_TYPE = YES_ERROR;
				GCC_WARN_UNDECLARED_SELECTOR = YES;
				GCC_WARN_UNINITIALIZED_AUTOS = YES_AGGRESSIVE;
				GCC_WARN_UNUSED_FUNCTION = YES;
				GCC_WARN_UNUSED_VARIABLE = YES;
				IPHONEOS_DEPLOYMENT_TARGET = 13.6;
				MTL_ENABLE_DEBUG_INFO = NO;
				MTL_FAST_MATH = YES;
				SDKROOT = iphoneos;
				SWIFT_COMPILATION_MODE = wholemodule;
				SWIFT_OPTIMIZATION_LEVEL = "-O";
				VALIDATE_PRODUCT = YES;
			};
			name = Release;
		};
		24541EE024DAFC7D00F477BE /* Debug */ = {
			isa = XCBuildConfiguration;
			buildSettings = {
				ASSETCATALOG_COMPILER_APPICON_NAME = AppIcon;
				CODE_SIGN_STYLE = Automatic;
				DEVELOPMENT_TEAM = G2JN7NTB5N;
				INFOPLIST_FILE = EmojiArt/Info.plist;
				LD_RUNPATH_SEARCH_PATHS = (
					"$(inherited)",
					"@executable_path/Frameworks",
				);
				PRODUCT_BUNDLE_IDENTIFIER = CS193p.2017Fall.EmojiArt;
				PRODUCT_NAME = "$(TARGET_NAME)";
				SWIFT_VERSION = 5.0;
				TARGETED_DEVICE_FAMILY = "1,2";
			};
			name = Debug;
		};
		24541EE124DAFC7D00F477BE /* Release */ = {
			isa = XCBuildConfiguration;
			buildSettings = {
				ASSETCATALOG_COMPILER_APPICON_NAME = AppIcon;
				CODE_SIGN_STYLE = Automatic;
				DEVELOPMENT_TEAM = G2JN7NTB5N;
				INFOPLIST_FILE = EmojiArt/Info.plist;
				LD_RUNPATH_SEARCH_PATHS = (
					"$(inherited)",
					"@executable_path/Frameworks",
				);
				PRODUCT_BUNDLE_IDENTIFIER = CS193p.2017Fall.EmojiArt;
				PRODUCT_NAME = "$(TARGET_NAME)";
				SWIFT_VERSION = 5.0;
				TARGETED_DEVICE_FAMILY = "1,2";
			};
			name = Release;
		};
/* End XCBuildConfiguration section */

/* Begin XCConfigurationList section */
		24541EC624DAFC7D00F477BE /* Build configuration list for PBXProject "EmojiArt" */ = {
			isa = XCConfigurationList;
			buildConfigurations = (
				24541EDD24DAFC7D00F477BE /* Debug */,
				24541EDE24DAFC7D00F477BE /* Release */,
			);
			defaultConfigurationIsVisible = 0;
			defaultConfigurationName = Release;
		};
		24541EDF24DAFC7D00F477BE /* Build configuration list for PBXNativeTarget "EmojiArt" */ = {
			isa = XCConfigurationList;
			buildConfigurations = (
				24541EE024DAFC7D00F477BE /* Debug */,
				24541EE124DAFC7D00F477BE /* Release */,
			);
			defaultConfigurationIsVisible = 0;
			defaultConfigurationName = Release;
		};
/* End XCConfigurationList section */
	};
	rootObject = 24541EC324DAFC7D00F477BE /* Project object */;
}
