// !$*UTF8*$!
{
	archiveVersion = 1;
	classes = {
	};
	objectVersion = 50;
	objects = {

/* Begin PBXBuildFile section */
		24EA1C1924FE366800680466 /* AppDelegate.swift in Sources */ = {isa = PBXBuildFile; fileRef = 24EA1C1824FE366800680466 /* AppDelegate.swift */; };
		24EA1C1B24FE366800680466 /* SceneDelegate.swift in Sources */ = {isa = PBXBuildFile; fileRef = 24EA1C1A24FE366800680466 /* SceneDelegate.swift */; };
		24EA1C2024FE366800680466 /* Main.storyboard in Resources */ = {isa = PBXBuildFile; fileRef = 24EA1C1E24FE366800680466 /* Main.storyboard */; };
		24EA1C2224FE366A00680466 /* Assets.xcassets in Resources */ = {isa = PBXBuildFile; fileRef = 24EA1C2124FE366A00680466 /* Assets.xcassets */; };
		24EA1C2524FE366A00680466 /* LaunchScreen.storyboard in Resources */ = {isa = PBXBuildFile; fileRef = 24EA1C2324FE366A00680466 /* LaunchScreen.storyboard */; };
		24EA1C3224FE3C4C00680466 /* homeViewController.swift in Sources */ = {isa = PBXBuildFile; fileRef = 24EA1C3124FE3C4C00680466 /* homeViewController.swift */; };
		24EA1C3424FE3C6100680466 /* trendViewController.swift in Sources */ = {isa = PBXBuildFile; fileRef = 24EA1C3324FE3C6100680466 /* trendViewController.swift */; };
		24EA1C3624FE3C6600680466 /* liveViewController.swift in Sources */ = {isa = PBXBuildFile; fileRef = 24EA1C3524FE3C6600680466 /* liveViewController.swift */; };
		24EA1C3824FE538200680466 /* tabBarViewController.swift in Sources */ = {isa = PBXBuildFile; fileRef = 24EA1C3724FE538200680466 /* tabBarViewController.swift */; };
		24EA1C3A24FE8A2D00680466 /* TabBar.swift in Sources */ = {isa = PBXBuildFile; fileRef = 24EA1C3924FE8A2D00680466 /* TabBar.swift */; };
/* End PBXBuildFile section */

/* Begin PBXFileReference section */
		24EA1C1524FE366800680466 /* QiuShi.app */ = {isa = PBXFileReference; explicitFileType = wrapper.application; includeInIndex = 0; path = QiuShi.app; sourceTree = BUILT_PRODUCTS_DIR; };
		24EA1C1824FE366800680466 /* AppDelegate.swift */ = {isa = PBXFileReference; lastKnownFileType = sourcecode.swift; path = AppDelegate.swift; sourceTree = "<group>"; };
		24EA1C1A24FE366800680466 /* SceneDelegate.swift */ = {isa = PBXFileReference; lastKnownFileType = sourcecode.swift; path = SceneDelegate.swift; sourceTree = "<group>"; };
		24EA1C1F24FE366800680466 /* Base */ = {isa = PBXFileReference; lastKnownFileType = file.storyboard; name = Base; path = Base.lproj/Main.storyboard; sourceTree = "<group>"; };
		24EA1C2124FE366A00680466 /* Assets.xcassets */ = {isa = PBXFileReference; lastKnownFileType = folder.assetcatalog; path = Assets.xcassets; sourceTree = "<group>"; };
		24EA1C2424FE366A00680466 /* Base */ = {isa = PBXFileReference; lastKnownFileType = file.storyboard; name = Base; path = Base.lproj/LaunchScreen.storyboard; sourceTree = "<group>"; };
		24EA1C2624FE366A00680466 /* Info.plist */ = {isa = PBXFileReference; lastKnownFileType = text.plist.xml; path = Info.plist; sourceTree = "<group>"; };
		24EA1C3124FE3C4C00680466 /* homeViewController.swift */ = {isa = PBXFileReference; lastKnownFileType = sourcecode.swift; path = homeViewController.swift; sourceTree = "<group>"; };
		24EA1C3324FE3C6100680466 /* trendViewController.swift */ = {isa = PBXFileReference; lastKnownFileType = sourcecode.swift; path = trendViewController.swift; sourceTree = "<group>"; };
		24EA1C3524FE3C6600680466 /* liveViewController.swift */ = {isa = PBXFileReference; lastKnownFileType = sourcecode.swift; path = liveViewController.swift; sourceTree = "<group>"; };
		24EA1C3724FE538200680466 /* tabBarViewController.swift */ = {isa = PBXFileReference; lastKnownFileType = sourcecode.swift; name = tabBarViewController.swift; path = QiuShi/tabBarViewController.swift; sourceTree = SOURCE_ROOT; };
		24EA1C3924FE8A2D00680466 /* TabBar.swift */ = {isa = PBXFileReference; lastKnownFileType = sourcecode.swift; path = TabBar.swift; sourceTree = "<group>"; };
/* End PBXFileReference section */

/* Begin PBXFrameworksBuildPhase section */
		24EA1C1224FE366800680466 /* Frameworks */ = {
			isa = PBXFrameworksBuildPhase;
			buildActionMask = 2147483647;
			files = (
			);
			runOnlyForDeploymentPostprocessing = 0;
		};
/* End PBXFrameworksBuildPhase section */

/* Begin PBXGroup section */
		24EA1C0C24FE366800680466 = {
			isa = PBXGroup;
			children = (
				24EA1C1724FE366800680466 /* QiuShi */,
				24EA1C1624FE366800680466 /* Products */,
			);
			sourceTree = "<group>";
		};
		24EA1C1624FE366800680466 /* Products */ = {
			isa = PBXGroup;
			children = (
				24EA1C1524FE366800680466 /* QiuShi.app */,
			);
			name = Products;
			sourceTree = "<group>";
		};
		24EA1C1724FE366800680466 /* QiuShi */ = {
			isa = PBXGroup;
			children = (
				24EA1C3924FE8A2D00680466 /* TabBar.swift */,
				24EA1C3724FE538200680466 /* tabBarViewController.swift */,
				24EA1C3124FE3C4C00680466 /* homeViewController.swift */,
				24EA1C3324FE3C6100680466 /* trendViewController.swift */,
				24EA1C3524FE3C6600680466 /* liveViewController.swift */,
				24EA1C1E24FE366800680466 /* Main.storyboard */,
				24EA1C2624FE366A00680466 /* Info.plist */,
				24EA1C2C24FE368600680466 /* Supporting Files */,
			);
			path = QiuShi;
			sourceTree = "<group>";
		};
		24EA1C2C24FE368600680466 /* Supporting Files */ = {
			isa = PBXGroup;
			children = (
				24EA1C1824FE366800680466 /* AppDelegate.swift */,
				24EA1C1A24FE366800680466 /* SceneDelegate.swift */,
				24EA1C2124FE366A00680466 /* Assets.xcassets */,
				24EA1C2324FE366A00680466 /* LaunchScreen.storyboard */,
			);
			path = "Supporting Files";
			sourceTree = "<group>";
		};
/* End PBXGroup section */

/* Begin PBXNativeTarget section */
		24EA1C1424FE366800680466 /* QiuShi */ = {
			isa = PBXNativeTarget;
			buildConfigurationList = 24EA1C2924FE366A00680466 /* Build configuration list for PBXNativeTarget "QiuShi" */;
			buildPhases = (
				24EA1C1124FE366800680466 /* Sources */,
				24EA1C1224FE366800680466 /* Frameworks */,
				24EA1C1324FE366800680466 /* Resources */,
			);
			buildRules = (
			);
			dependencies = (
			);
			name = QiuShi;
			productName = QiuShi;
			productReference = 24EA1C1524FE366800680466 /* QiuShi.app */;
			productType = "com.apple.product-type.application";
		};
/* End PBXNativeTarget section */

/* Begin PBXProject section */
		24EA1C0D24FE366800680466 /* Project object */ = {
			isa = PBXProject;
			attributes = {
				LastSwiftUpdateCheck = 1160;
				LastUpgradeCheck = 1160;
				ORGANIZATIONNAME = Sophia_fez;
				TargetAttributes = {
					24EA1C1424FE366800680466 = {
						CreatedOnToolsVersion = 11.6;
					};
				};
			};
			buildConfigurationList = 24EA1C1024FE366800680466 /* Build configuration list for PBXProject "QiuShi" */;
			compatibilityVersion = "Xcode 9.3";
			developmentRegion = en;
			hasScannedForEncodings = 0;
			knownRegions = (
				en,
				Base,
			);
			mainGroup = 24EA1C0C24FE366800680466;
			productRefGroup = 24EA1C1624FE366800680466 /* Products */;
			projectDirPath = "";
			projectRoot = "";
			targets = (
				24EA1C1424FE366800680466 /* QiuShi */,
			);
		};
/* End PBXProject section */

/* Begin PBXResourcesBuildPhase section */
		24EA1C1324FE366800680466 /* Resources */ = {
			isa = PBXResourcesBuildPhase;
			buildActionMask = 2147483647;
			files = (
				24EA1C2524FE366A00680466 /* LaunchScreen.storyboard in Resources */,
				24EA1C2224FE366A00680466 /* Assets.xcassets in Resources */,
				24EA1C2024FE366800680466 /* Main.storyboard in Resources */,
			);
			runOnlyForDeploymentPostprocessing = 0;
		};
/* End PBXResourcesBuildPhase section */

/* Begin PBXSourcesBuildPhase section */
		24EA1C1124FE366800680466 /* Sources */ = {
			isa = PBXSourcesBuildPhase;
			buildActionMask = 2147483647;
			files = (
				24EA1C3824FE538200680466 /* tabBarViewController.swift in Sources */,
				24EA1C3624FE3C6600680466 /* liveViewController.swift in Sources */,
				24EA1C1924FE366800680466 /* AppDelegate.swift in Sources */,
				24EA1C1B24FE366800680466 /* SceneDelegate.swift in Sources */,
				24EA1C3424FE3C6100680466 /* trendViewController.swift in Sources */,
				24EA1C3224FE3C4C00680466 /* homeViewController.swift in Sources */,
				24EA1C3A24FE8A2D00680466 /* TabBar.swift in Sources */,
			);
			runOnlyForDeploymentPostprocessing = 0;
		};
/* End PBXSourcesBuildPhase section */

/* Begin PBXVariantGroup section */
		24EA1C1E24FE366800680466 /* Main.storyboard */ = {
			isa = PBXVariantGroup;
			children = (
				24EA1C1F24FE366800680466 /* Base */,
			);
			name = Main.storyboard;
			sourceTree = "<group>";
		};
		24EA1C2324FE366A00680466 /* LaunchScreen.storyboard */ = {
			isa = PBXVariantGroup;
			children = (
				24EA1C2424FE366A00680466 /* Base */,
			);
			name = LaunchScreen.storyboard;
			sourceTree = "<group>";
		};
/* End PBXVariantGroup section */

/* Begin XCBuildConfiguration section */
		24EA1C2724FE366A00680466 /* Debug */ = {
			isa = XCBuildConfiguration;
			buildSettings = {
				ALWAYS_SEARCH_USER_PATHS = NO;
				CLANG_ANALYZER_NONNULL = YES;
				CLANG_ANALYZER_NUMBER_OBJECT_CONVERSION = YES_AGGRESSIVE;
				CLANG_CXX_LANGUAGE_STANDARD = "gnu++14";
				CLANG_CXX_LIBRARY = "libc++";
				CLANG_ENABLE_MODULES = YES;
				CLANG_ENABLE_OBJC_ARC = YES;
				CLANG_ENABLE_OBJC_WEAK = YES;
				CLANG_WARN_BLOCK_CAPTURE_AUTORELEASING = YES;
				CLANG_WARN_BOOL_CONVERSION = YES;
				CLANG_WARN_COMMA = YES;
				CLANG_WARN_CONSTANT_CONVERSION = YES;
				CLANG_WARN_DEPRECATED_OBJC_IMPLEMENTATIONS = YES;
				CLANG_WARN_DIRECT_OBJC_ISA_USAGE = YES_ERROR;
				CLANG_WARN_DOCUMENTATION_COMMENTS = YES;
				CLANG_WARN_EMPTY_BODY = YES;
				CLANG_WARN_ENUM_CONVERSION = YES;
				CLANG_WARN_INFINITE_RECURSION = YES;
				CLANG_WARN_INT_CONVERSION = YES;
				CLANG_WARN_NON_LITERAL_NULL_CONVERSION = YES;
				CLANG_WARN_OBJC_IMPLICIT_RETAIN_SELF = YES;
				CLANG_WARN_OBJC_LITERAL_CONVERSION = YES;
				CLANG_WARN_OBJC_ROOT_CLASS = YES_ERROR;
				CLANG_WARN_RANGE_LOOP_ANALYSIS = YES;
				CLANG_WARN_STRICT_PROTOTYPES = YES;
				CLANG_WARN_SUSPICIOUS_MOVE = YES;
				CLANG_WARN_UNGUARDED_AVAILABILITY = YES_AGGRESSIVE;
				CLANG_WARN_UNREACHABLE_CODE = YES;
				CLANG_WARN__DUPLICATE_METHOD_MATCH = YES;
				COPY_PHASE_STRIP = NO;
				DEBUG_INFORMATION_FORMAT = dwarf;
				ENABLE_STRICT_OBJC_MSGSEND = YES;
				ENABLE_TESTABILITY = YES;
				GCC_C_LANGUAGE_STANDARD = gnu11;
				GCC_DYNAMIC_NO_PIC = NO;
				GCC_NO_COMMON_BLOCKS = YES;
				GCC_OPTIMIZATION_LEVEL = 0;
				GCC_PREPROCESSOR_DEFINITIONS = (
					"DEBUG=1",
					"$(inherited)",
				);
				GCC_WARN_64_TO_32_BIT_CONVERSION = YES;
				GCC_WARN_ABOUT_RETURN_TYPE = YES_ERROR;
				GCC_WARN_UNDECLARED_SELECTOR = YES;
				GCC_WARN_UNINITIALIZED_AUTOS = YES_AGGRESSIVE;
				GCC_WARN_UNUSED_FUNCTION = YES;
				GCC_WARN_UNUSED_VARIABLE = YES;
				IPHONEOS_DEPLOYMENT_TARGET = 13.6;
				MTL_ENABLE_DEBUG_INFO = INCLUDE_SOURCE;
				MTL_FAST_MATH = YES;
				ONLY_ACTIVE_ARCH = YES;
				SDKROOT = iphoneos;
				SWIFT_ACTIVE_COMPILATION_CONDITIONS = DEBUG;
				SWIFT_OPTIMIZATION_LEVEL = "-Onone";
			};
			name = Debug;
		};
		24EA1C2824FE366A00680466 /* Release */ = {
			isa = XCBuildConfiguration;
			buildSettings = {
				ALWAYS_SEARCH_USER_PATHS = NO;
				CLANG_ANALYZER_NONNULL = YES;
				CLANG_ANALYZER_NUMBER_OBJECT_CONVERSION = YES_AGGRESSIVE;
				CLANG_CXX_LANGUAGE_STANDARD = "gnu++14";
				CLANG_CXX_LIBRARY = "libc++";
				CLANG_ENABLE_MODULES = YES;
				CLANG_ENABLE_OBJC_ARC = YES;
				CLANG_ENABLE_OBJC_WEAK = YES;
				CLANG_WARN_BLOCK_CAPTURE_AUTORELEASING = YES;
				CLANG_WARN_BOOL_CONVERSION = YES;
				CLANG_WARN_COMMA = YES;
				CLANG_WARN_CONSTANT_CONVERSION = YES;
				CLANG_WARN_DEPRECATED_OBJC_IMPLEMENTATIONS = YES;
				CLANG_WARN_DIRECT_OBJC_ISA_USAGE = YES_ERROR;
				CLANG_WARN_DOCUMENTATION_COMMENTS = YES;
				CLANG_WARN_EMPTY_BODY = YES;
				CLANG_WARN_ENUM_CONVERSION = YES;
				CLANG_WARN_INFINITE_RECURSION = YES;
				CLANG_WARN_INT_CONVERSION = YES;
				CLANG_WARN_NON_LITERAL_NULL_CONVERSION = YES;
				CLANG_WARN_OBJC_IMPLICIT_RETAIN_SELF = YES;
				CLANG_WARN_OBJC_LITERAL_CONVERSION = YES;
				CLANG_WARN_OBJC_ROOT_CLASS = YES_ERROR;
				CLANG_WARN_RANGE_LOOP_ANALYSIS = YES;
				CLANG_WARN_STRICT_PROTOTYPES = YES;
				CLANG_WARN_SUSPICIOUS_MOVE = YES;
				CLANG_WARN_UNGUARDED_AVAILABILITY = YES_AGGRESSIVE;
				CLANG_WARN_UNREACHABLE_CODE = YES;
				CLANG_WARN__DUPLICATE_METHOD_MATCH = YES;
				COPY_PHASE_STRIP = NO;
				DEBUG_INFORMATION_FORMAT = "dwarf-with-dsym";
				ENABLE_NS_ASSERTIONS = NO;
				ENABLE_STRICT_OBJC_MSGSEND = YES;
				GCC_C_LANGUAGE_STANDARD = gnu11;
				GCC_NO_COMMON_BLOCKS = YES;
				GCC_WARN_64_TO_32_BIT_CONVERSION = YES;
				GCC_WARN_ABOUT_RETURN_TYPE = YES_ERROR;
				GCC_WARN_UNDECLARED_SELECTOR = YES;
				GCC_WARN_UNINITIALIZED_AUTOS = YES_AGGRESSIVE;
				GCC_WARN_UNUSED_FUNCTION = YES;
				GCC_WARN_UNUSED_VARIABLE = YES;
				IPHONEOS_DEPLOYMENT_TARGET = 13.6;
				MTL_ENABLE_DEBUG_INFO = NO;
				MTL_FAST_MATH = YES;
				SDKROOT = iphoneos;
				SWIFT_COMPILATION_MODE = wholemodule;
				SWIFT_OPTIMIZATION_LEVEL = "-O";
				VALIDATE_PRODUCT = YES;
			};
			name = Release;
		};
		24EA1C2A24FE366A00680466 /* Debug */ = {
			isa = XCBuildConfiguration;
			buildSettings = {
				ASSETCATALOG_COMPILER_APPICON_NAME = AppIcon;
				CODE_SIGN_STYLE = Automatic;
				DEVELOPMENT_TEAM = G2JN7NTB5N;
				INFOPLIST_FILE = QiuShi/Info.plist;
				LD_RUNPATH_SEARCH_PATHS = (
					"$(inherited)",
					"@executable_path/Frameworks",
				);
				PRODUCT_BUNDLE_IDENTIFIER = "com.Sophia-fez.QiuShi";
				PRODUCT_NAME = "$(TARGET_NAME)";
				SWIFT_VERSION = 5.0;
				TARGETED_DEVICE_FAMILY = "1,2";
			};
			name = Debug;
		};
		24EA1C2B24FE366A00680466 /* Release */ = {
			isa = XCBuildConfiguration;
			buildSettings = {
				ASSETCATALOG_COMPILER_APPICON_NAME = AppIcon;
				CODE_SIGN_STYLE = Automatic;
				DEVELOPMENT_TEAM = G2JN7NTB5N;
				INFOPLIST_FILE = QiuShi/Info.plist;
				LD_RUNPATH_SEARCH_PATHS = (
					"$(inherited)",
					"@executable_path/Frameworks",
				);
				PRODUCT_BUNDLE_IDENTIFIER = "com.Sophia-fez.QiuShi";
				PRODUCT_NAME = "$(TARGET_NAME)";
				SWIFT_VERSION = 5.0;
				TARGETED_DEVICE_FAMILY = "1,2";
			};
			name = Release;
		};
/* End XCBuildConfiguration section */

/* Begin XCConfigurationList section */
		24EA1C1024FE366800680466 /* Build configuration list for PBXProject "QiuShi" */ = {
			isa = XCConfigurationList;
			buildConfigurations = (
				24EA1C2724FE366A00680466 /* Debug */,
				24EA1C2824FE366A00680466 /* Release */,
			);
			defaultConfigurationIsVisible = 0;
			defaultConfigurationName = Release;
		};
		24EA1C2924FE366A00680466 /* Build configuration list for PBXNativeTarget "QiuShi" */ = {
			isa = XCConfigurationList;
			buildConfigurations = (
				24EA1C2A24FE366A00680466 /* Debug */,
				24EA1C2B24FE366A00680466 /* Release */,
			);
			defaultConfigurationIsVisible = 0;
			defaultConfigurationName = Release;
		};
/* End XCConfigurationList section */
	};
	rootObject = 24EA1C0D24FE366800680466 /* Project object */;
}
