// !$*UTF8*$!
{
	archiveVersion = 1;
	classes = {
	};
	objectVersion = 50;
	objects = {

/* Begin PBXBuildFile section */
		24DF9BA52535B711004357FC /* AppDelegate.swift in Sources */ = {isa = PBXBuildFile; fileRef = 24DF9BA42535B711004357FC /* AppDelegate.swift */; };
		24DF9BA72535B711004357FC /* SceneDelegate.swift in Sources */ = {isa = PBXBuildFile; fileRef = 24DF9BA62535B711004357FC /* SceneDelegate.swift */; };
		24DF9BA92535B711004357FC /* ViewController.swift in Sources */ = {isa = PBXBuildFile; fileRef = 24DF9BA82535B711004357FC /* ViewController.swift */; };
		24DF9BAC2535B711004357FC /* Main.storyboard in Resources */ = {isa = PBXBuildFile; fileRef = 24DF9BAA2535B711004357FC /* Main.storyboard */; };
		24DF9BAE2535B712004357FC /* Assets.xcassets in Resources */ = {isa = PBXBuildFile; fileRef = 24DF9BAD2535B712004357FC /* Assets.xcassets */; };
		24DF9BB12535B712004357FC /* LaunchScreen.storyboard in Resources */ = {isa = PBXBuildFile; fileRef = 24DF9BAF2535B712004357FC /* LaunchScreen.storyboard */; };
		24DF9BC92535E21B004357FC /* SnapKit.framework in Frameworks */ = {isa = PBXBuildFile; fileRef = 24DF9BBF2535DF62004357FC /* SnapKit.framework */; };
		24DF9BCA2535E21B004357FC /* SnapKit.framework in Embed Frameworks */ = {isa = PBXBuildFile; fileRef = 24DF9BBF2535DF62004357FC /* SnapKit.framework */; settings = {ATTRIBUTES = (CodeSignOnCopy, RemoveHeadersOnCopy, ); }; };
		24DF9BCD2535E96E004357FC /* FirstViewController.swift in Sources */ = {isa = PBXBuildFile; fileRef = 24DF9BCC2535E96E004357FC /* FirstViewController.swift */; };
/* End PBXBuildFile section */

/* Begin PBXContainerItemProxy section */
		24DF9BBE2535DF62004357FC /* PBXContainerItemProxy */ = {
			isa = PBXContainerItemProxy;
			containerPortal = 24DF9BB92535DF62004357FC /* SnapKit.xcodeproj */;
			proxyType = 2;
			remoteGlobalIDString = EEBCC9D819CC627D0083B827;
			remoteInfo = SnapKit;
		};
		24DF9BC02535DF62004357FC /* PBXContainerItemProxy */ = {
			isa = PBXContainerItemProxy;
			containerPortal = 24DF9BB92535DF62004357FC /* SnapKit.xcodeproj */;
			proxyType = 2;
			remoteGlobalIDString = EEBCC9E219CC627E0083B827;
			remoteInfo = "SnapKit Tests";
		};
/* End PBXContainerItemProxy section */

/* Begin PBXCopyFilesBuildPhase section */
		24DF9BCB2535E21B004357FC /* Embed Frameworks */ = {
			isa = PBXCopyFilesBuildPhase;
			buildActionMask = 2147483647;
			dstPath = "";
			dstSubfolderSpec = 10;
			files = (
				24DF9BCA2535E21B004357FC /* SnapKit.framework in Embed Frameworks */,
			);
			name = "Embed Frameworks";
			runOnlyForDeploymentPostprocessing = 0;
		};
/* End PBXCopyFilesBuildPhase section */

/* Begin PBXFileReference section */
		24DF9BA12535B711004357FC /* DouYin.app */ = {isa = PBXFileReference; explicitFileType = wrapper.application; includeInIndex = 0; path = DouYin.app; sourceTree = BUILT_PRODUCTS_DIR; };
		24DF9BA42535B711004357FC /* AppDelegate.swift */ = {isa = PBXFileReference; lastKnownFileType = sourcecode.swift; path = AppDelegate.swift; sourceTree = "<group>"; };
		24DF9BA62535B711004357FC /* SceneDelegate.swift */ = {isa = PBXFileReference; lastKnownFileType = sourcecode.swift; path = SceneDelegate.swift; sourceTree = "<group>"; };
		24DF9BA82535B711004357FC /* ViewController.swift */ = {isa = PBXFileReference; lastKnownFileType = sourcecode.swift; path = ViewController.swift; sourceTree = "<group>"; };
		24DF9BAB2535B711004357FC /* Base */ = {isa = PBXFileReference; lastKnownFileType = file.storyboard; name = Base; path = Base.lproj/Main.storyboard; sourceTree = "<group>"; };
		24DF9BAD2535B712004357FC /* Assets.xcassets */ = {isa = PBXFileReference; lastKnownFileType = folder.assetcatalog; path = Assets.xcassets; sourceTree = "<group>"; };
		24DF9BB02535B712004357FC /* Base */ = {isa = PBXFileReference; lastKnownFileType = file.storyboard; name = Base; path = Base.lproj/LaunchScreen.storyboard; sourceTree = "<group>"; };
		24DF9BB22535B712004357FC /* Info.plist */ = {isa = PBXFileReference; lastKnownFileType = text.plist.xml; path = Info.plist; sourceTree = "<group>"; };
		24DF9BB92535DF62004357FC /* SnapKit.xcodeproj */ = {isa = PBXFileReference; lastKnownFileType = "wrapper.pb-project"; name = SnapKit.xcodeproj; path = ../../../../SnapKit/SnapKit.xcodeproj; sourceTree = "<group>"; };
		24DF9BCC2535E96E004357FC /* FirstViewController.swift */ = {isa = PBXFileReference; lastKnownFileType = sourcecode.swift; path = FirstViewController.swift; sourceTree = "<group>"; };
/* End PBXFileReference section */

/* Begin PBXFrameworksBuildPhase section */
		24DF9B9E2535B711004357FC /* Frameworks */ = {
			isa = PBXFrameworksBuildPhase;
			buildActionMask = 2147483647;
			files = (
				24DF9BC92535E21B004357FC /* SnapKit.framework in Frameworks */,
			);
			runOnlyForDeploymentPostprocessing = 0;
		};
/* End PBXFrameworksBuildPhase section */

/* Begin PBXGroup section */
		24DF9B982535B711004357FC = {
			isa = PBXGroup;
			children = (
				24DF9BB92535DF62004357FC /* SnapKit.xcodeproj */,
				24DF9BA32535B711004357FC /* DouYin */,
				24DF9BA22535B711004357FC /* Products */,
				24DF9BC52535E1A3004357FC /* Frameworks */,
			);
			sourceTree = "<group>";
		};
		24DF9BA22535B711004357FC /* Products */ = {
			isa = PBXGroup;
			children = (
				24DF9BA12535B711004357FC /* DouYin.app */,
			);
			name = Products;
			sourceTree = "<group>";
		};
		24DF9BA32535B711004357FC /* DouYin */ = {
			isa = PBXGroup;
			children = (
				24DF9BA42535B711004357FC /* AppDelegate.swift */,
				24DF9BA62535B711004357FC /* SceneDelegate.swift */,
				24DF9BA82535B711004357FC /* ViewController.swift */,
				24DF9BAA2535B711004357FC /* Main.storyboard */,
				24DF9BAD2535B712004357FC /* Assets.xcassets */,
				24DF9BAF2535B712004357FC /* LaunchScreen.storyboard */,
				24DF9BB22535B712004357FC /* Info.plist */,
				24DF9BCC2535E96E004357FC /* FirstViewController.swift */,
			);
			path = DouYin;
			sourceTree = "<group>";
		};
		24DF9BBA2535DF62004357FC /* Products */ = {
			isa = PBXGroup;
			children = (
				24DF9BBF2535DF62004357FC /* SnapKit.framework */,
				24DF9BC12535DF62004357FC /* SnapKit Tests.xctest */,
			);
			name = Products;
			sourceTree = "<group>";
		};
		24DF9BC52535E1A3004357FC /* Frameworks */ = {
			isa = PBXGroup;
			children = (
			);
			name = Frameworks;
			sourceTree = "<group>";
		};
/* End PBXGroup section */

/* Begin PBXNativeTarget section */
		24DF9BA02535B711004357FC /* DouYin */ = {
			isa = PBXNativeTarget;
			buildConfigurationList = 24DF9BB52535B712004357FC /* Build configuration list for PBXNativeTarget "DouYin" */;
			buildPhases = (
				24DF9B9D2535B711004357FC /* Sources */,
				24DF9B9E2535B711004357FC /* Frameworks */,
				24DF9B9F2535B711004357FC /* Resources */,
				24DF9BCB2535E21B004357FC /* Embed Frameworks */,
			);
			buildRules = (
			);
			dependencies = (
			);
			name = DouYin;
			productName = DouYin;
			productReference = 24DF9BA12535B711004357FC /* DouYin.app */;
			productType = "com.apple.product-type.application";
		};
/* End PBXNativeTarget section */

/* Begin PBXProject section */
		24DF9B992535B711004357FC /* Project object */ = {
			isa = PBXProject;
			attributes = {
				LastSwiftUpdateCheck = 1200;
				LastUpgradeCheck = 1200;
				TargetAttributes = {
					24DF9BA02535B711004357FC = {
						CreatedOnToolsVersion = 12.0.1;
					};
				};
			};
			buildConfigurationList = 24DF9B9C2535B711004357FC /* Build configuration list for PBXProject "DouYin" */;
			compatibilityVersion = "Xcode 9.3";
			developmentRegion = en;
			hasScannedForEncodings = 0;
			knownRegions = (
				en,
				Base,
			);
			mainGroup = 24DF9B982535B711004357FC;
			productRefGroup = 24DF9BA22535B711004357FC /* Products */;
			projectDirPath = "";
			projectReferences = (
				{
					ProductGroup = 24DF9BBA2535DF62004357FC /* Products */;
					ProjectRef = 24DF9BB92535DF62004357FC /* SnapKit.xcodeproj */;
				},
			);
			projectRoot = "";
			targets = (
				24DF9BA02535B711004357FC /* DouYin */,
			);
		};
/* End PBXProject section */

/* Begin PBXReferenceProxy section */
		24DF9BBF2535DF62004357FC /* SnapKit.framework */ = {
			isa = PBXReferenceProxy;
			fileType = wrapper.framework;
			path = SnapKit.framework;
			remoteRef = 24DF9BBE2535DF62004357FC /* PBXContainerItemProxy */;
			sourceTree = BUILT_PRODUCTS_DIR;
		};
		24DF9BC12535DF62004357FC /* SnapKit Tests.xctest */ = {
			isa = PBXReferenceProxy;
			fileType = wrapper.cfbundle;
			path = "SnapKit Tests.xctest";
			remoteRef = 24DF9BC02535DF62004357FC /* PBXContainerItemProxy */;
			sourceTree = BUILT_PRODUCTS_DIR;
		};
/* End PBXReferenceProxy section */

/* Begin PBXResourcesBuildPhase section */
		24DF9B9F2535B711004357FC /* Resources */ = {
			isa = PBXResourcesBuildPhase;
			buildActionMask = 2147483647;
			files = (
				24DF9BB12535B712004357FC /* LaunchScreen.storyboard in Resources */,
				24DF9BAE2535B712004357FC /* Assets.xcassets in Resources */,
				24DF9BAC2535B711004357FC /* Main.storyboard in Resources */,
			);
			runOnlyForDeploymentPostprocessing = 0;
		};
/* End PBXResourcesBuildPhase section */

/* Begin PBXSourcesBuildPhase section */
		24DF9B9D2535B711004357FC /* Sources */ = {
			isa = PBXSourcesBuildPhase;
			buildActionMask = 2147483647;
			files = (
				24DF9BA92535B711004357FC /* ViewController.swift in Sources */,
				24DF9BA52535B711004357FC /* AppDelegate.swift in Sources */,
				24DF9BA72535B711004357FC /* SceneDelegate.swift in Sources */,
				24DF9BCD2535E96E004357FC /* FirstViewController.swift in Sources */,
			);
			runOnlyForDeploymentPostprocessing = 0;
		};
/* End PBXSourcesBuildPhase section */

/* Begin PBXVariantGroup section */
		24DF9BAA2535B711004357FC /* Main.storyboard */ = {
			isa = PBXVariantGroup;
			children = (
				24DF9BAB2535B711004357FC /* Base */,
			);
			name = Main.storyboard;
			sourceTree = "<group>";
		};
		24DF9BAF2535B712004357FC /* LaunchScreen.storyboard */ = {
			isa = PBXVariantGroup;
			children = (
				24DF9BB02535B712004357FC /* Base */,
			);
			name = LaunchScreen.storyboard;
			sourceTree = "<group>";
		};
/* End PBXVariantGroup section */

/* Begin XCBuildConfiguration section */
		24DF9BB32535B712004357FC /* Debug */ = {
			isa = XCBuildConfiguration;
			buildSettings = {
				ALWAYS_SEARCH_USER_PATHS = NO;
				CLANG_ANALYZER_NONNULL = YES;
				CLANG_ANALYZER_NUMBER_OBJECT_CONVERSION = YES_AGGRESSIVE;
				CLANG_CXX_LANGUAGE_STANDARD = "gnu++14";
				CLANG_CXX_LIBRARY = "libc++";
				CLANG_ENABLE_MODULES = YES;
				CLANG_ENABLE_OBJC_ARC = YES;
				CLANG_ENABLE_OBJC_WEAK = YES;
				CLANG_WARN_BLOCK_CAPTURE_AUTORELEASING = YES;
				CLANG_WARN_BOOL_CONVERSION = YES;
				CLANG_WARN_COMMA = YES;
				CLANG_WARN_CONSTANT_CONVERSION = YES;
				CLANG_WARN_DEPRECATED_OBJC_IMPLEMENTATIONS = YES;
				CLANG_WARN_DIRECT_OBJC_ISA_USAGE = YES_ERROR;
				CLANG_WARN_DOCUMENTATION_COMMENTS = YES;
				CLANG_WARN_EMPTY_BODY = YES;
				CLANG_WARN_ENUM_CONVERSION = YES;
				CLANG_WARN_INFINITE_RECURSION = YES;
				CLANG_WARN_INT_CONVERSION = YES;
				CLANG_WARN_NON_LITERAL_NULL_CONVERSION = YES;
				CLANG_WARN_OBJC_IMPLICIT_RETAIN_SELF = YES;
				CLANG_WARN_OBJC_LITERAL_CONVERSION = YES;
				CLANG_WARN_OBJC_ROOT_CLASS = YES_ERROR;
				CLANG_WARN_QUOTED_INCLUDE_IN_FRAMEWORK_HEADER = YES;
				CLANG_WARN_RANGE_LOOP_ANALYSIS = YES;
				CLANG_WARN_STRICT_PROTOTYPES = YES;
				CLANG_WARN_SUSPICIOUS_MOVE = YES;
				CLANG_WARN_UNGUARDED_AVAILABILITY = YES_AGGRESSIVE;
				CLANG_WARN_UNREACHABLE_CODE = YES;
				CLANG_WARN__DUPLICATE_METHOD_MATCH = YES;
				COPY_PHASE_STRIP = NO;
				DEBUG_INFORMATION_FORMAT = dwarf;
				ENABLE_STRICT_OBJC_MSGSEND = YES;
				ENABLE_TESTABILITY = YES;
				GCC_C_LANGUAGE_STANDARD = gnu11;
				GCC_DYNAMIC_NO_PIC = NO;
				GCC_NO_COMMON_BLOCKS = YES;
				GCC_OPTIMIZATION_LEVEL = 0;
				GCC_PREPROCESSOR_DEFINITIONS = (
					"DEBUG=1",
					"$(inherited)",
				);
				GCC_WARN_64_TO_32_BIT_CONVERSION = YES;
				GCC_WARN_ABOUT_RETURN_TYPE = YES_ERROR;
				GCC_WARN_UNDECLARED_SELECTOR = YES;
				GCC_WARN_UNINITIALIZED_AUTOS = YES_AGGRESSIVE;
				GCC_WARN_UNUSED_FUNCTION = YES;
				GCC_WARN_UNUSED_VARIABLE = YES;
				IPHONEOS_DEPLOYMENT_TARGET = 14.0;
				MTL_ENABLE_DEBUG_INFO = INCLUDE_SOURCE;
				MTL_FAST_MATH = YES;
				ONLY_ACTIVE_ARCH = YES;
				SDKROOT = iphoneos;
				SWIFT_ACTIVE_COMPILATION_CONDITIONS = DEBUG;
				SWIFT_OPTIMIZATION_LEVEL = "-Onone";
			};
			name = Debug;
		};
		24DF9BB42535B712004357FC /* Release */ = {
			isa = XCBuildConfiguration;
			buildSettings = {
				ALWAYS_SEARCH_USER_PATHS = NO;
				CLANG_ANALYZER_NONNULL = YES;
				CLANG_ANALYZER_NUMBER_OBJECT_CONVERSION = YES_AGGRESSIVE;
				CLANG_CXX_LANGUAGE_STANDARD = "gnu++14";
				CLANG_CXX_LIBRARY = "libc++";
				CLANG_ENABLE_MODULES = YES;
				CLANG_ENABLE_OBJC_ARC = YES;
				CLANG_ENABLE_OBJC_WEAK = YES;
				CLANG_WARN_BLOCK_CAPTURE_AUTORELEASING = YES;
				CLANG_WARN_BOOL_CONVERSION = YES;
				CLANG_WARN_COMMA = YES;
				CLANG_WARN_CONSTANT_CONVERSION = YES;
				CLANG_WARN_DEPRECATED_OBJC_IMPLEMENTATIONS = YES;
				CLANG_WARN_DIRECT_OBJC_ISA_USAGE = YES_ERROR;
				CLANG_WARN_DOCUMENTATION_COMMENTS = YES;
				CLANG_WARN_EMPTY_BODY = YES;
				CLANG_WARN_ENUM_CONVERSION = YES;
				CLANG_WARN_INFINITE_RECURSION = YES;
				CLANG_WARN_INT_CONVERSION = YES;
				CLANG_WARN_NON_LITERAL_NULL_CONVERSION = YES;
				CLANG_WARN_OBJC_IMPLICIT_RETAIN_SELF = YES;
				CLANG_WARN_OBJC_LITERAL_CONVERSION = YES;
				CLANG_WARN_OBJC_ROOT_CLASS = YES_ERROR;
				CLANG_WARN_QUOTED_INCLUDE_IN_FRAMEWORK_HEADER = YES;
				CLANG_WARN_RANGE_LOOP_ANALYSIS = YES;
				CLANG_WARN_STRICT_PROTOTYPES = YES;
				CLANG_WARN_SUSPICIOUS_MOVE = YES;
				CLANG_WARN_UNGUARDED_AVAILABILITY = YES_AGGRESSIVE;
				CLANG_WARN_UNREACHABLE_CODE = YES;
				CLANG_WARN__DUPLICATE_METHOD_MATCH = YES;
				COPY_PHASE_STRIP = NO;
				DEBUG_INFORMATION_FORMAT = "dwarf-with-dsym";
				ENABLE_NS_ASSERTIONS = NO;
				ENABLE_STRICT_OBJC_MSGSEND = YES;
				GCC_C_LANGUAGE_STANDARD = gnu11;
				GCC_NO_COMMON_BLOCKS = YES;
				GCC_WARN_64_TO_32_BIT_CONVERSION = YES;
				GCC_WARN_ABOUT_RETURN_TYPE = YES_ERROR;
				GCC_WARN_UNDECLARED_SELECTOR = YES;
				GCC_WARN_UNINITIALIZED_AUTOS = YES_AGGRESSIVE;
				GCC_WARN_UNUSED_FUNCTION = YES;
				GCC_WARN_UNUSED_VARIABLE = YES;
				IPHONEOS_DEPLOYMENT_TARGET = 14.0;
				MTL_ENABLE_DEBUG_INFO = NO;
				MTL_FAST_MATH = YES;
				SDKROOT = iphoneos;
				SWIFT_COMPILATION_MODE = wholemodule;
				SWIFT_OPTIMIZATION_LEVEL = "-O";
				VALIDATE_PRODUCT = YES;
			};
			name = Release;
		};
		24DF9BB62535B712004357FC /* Debug */ = {
			isa = XCBuildConfiguration;
			buildSettings = {
				ASSETCATALOG_COMPILER_APPICON_NAME = AppIcon;
				ASSETCATALOG_COMPILER_GLOBAL_ACCENT_COLOR_NAME = AccentColor;
				CODE_SIGN_STYLE = Automatic;
				DEVELOPMENT_TEAM = G2JN7NTB5N;
				INFOPLIST_FILE = DouYin/Info.plist;
				LD_RUNPATH_SEARCH_PATHS = (
					"$(inherited)",
					"@executable_path/Frameworks",
				);
				PRODUCT_BUNDLE_IDENTIFIER = "com.Sophia-fez.DouYin";
				PRODUCT_NAME = "$(TARGET_NAME)";
				SWIFT_VERSION = 5.0;
				TARGETED_DEVICE_FAMILY = "1,2";
			};
			name = Debug;
		};
		24DF9BB72535B712004357FC /* Release */ = {
			isa = XCBuildConfiguration;
			buildSettings = {
				ASSETCATALOG_COMPILER_APPICON_NAME = AppIcon;
				ASSETCATALOG_COMPILER_GLOBAL_ACCENT_COLOR_NAME = AccentColor;
				CODE_SIGN_STYLE = Automatic;
				DEVELOPMENT_TEAM = G2JN7NTB5N;
				INFOPLIST_FILE = DouYin/Info.plist;
				LD_RUNPATH_SEARCH_PATHS = (
					"$(inherited)",
					"@executable_path/Frameworks",
				);
				PRODUCT_BUNDLE_IDENTIFIER = "com.Sophia-fez.DouYin";
				PRODUCT_NAME = "$(TARGET_NAME)";
				SWIFT_VERSION = 5.0;
				TARGETED_DEVICE_FAMILY = "1,2";
			};
			name = Release;
		};
/* End XCBuildConfiguration section */

/* Begin XCConfigurationList section */
		24DF9B9C2535B711004357FC /* Build configuration list for PBXProject "DouYin" */ = {
			isa = XCConfigurationList;
			buildConfigurations = (
				24DF9BB32535B712004357FC /* Debug */,
				24DF9BB42535B712004357FC /* Release */,
			);
			defaultConfigurationIsVisible = 0;
			defaultConfigurationName = Release;
		};
		24DF9BB52535B712004357FC /* Build configuration list for PBXNativeTarget "DouYin" */ = {
			isa = XCConfigurationList;
			buildConfigurations = (
				24DF9BB62535B712004357FC /* Debug */,
				24DF9BB72535B712004357FC /* Release */,
			);
			defaultConfigurationIsVisible = 0;
			defaultConfigurationName = Release;
		};
/* End XCConfigurationList section */
	};
	rootObject = 24DF9B992535B711004357FC /* Project object */;
}
