// !$*UTF8*$!
{
	archiveVersion = 1;
	classes = {
	};
	objectVersion = 51;
	objects = {

/* Begin PBXBuildFile section */
		241133652538927E0031D6B7 /* VideoCell.swift in Sources */ = {isa = PBXBuildFile; fileRef = 241133642538927E0031D6B7 /* VideoCell.swift */; };
		2411338A253990930031D6B7 /* Helper.swift in Sources */ = {isa = PBXBuildFile; fileRef = 24113389253990930031D6B7 /* Helper.swift */; };
		2411338D2539996B0031D6B7 /* UIHelper.swift in Sources */ = {isa = PBXBuildFile; fileRef = 2411338C2539996B0031D6B7 /* UIHelper.swift */; };
		241133912539E3AF0031D6B7 /* ScaleAnimateButton.swift in Sources */ = {isa = PBXBuildFile; fileRef = 241133902539E3AF0031D6B7 /* ScaleAnimateButton.swift */; };
		24509628253878A600EC423A /* Feed.swift in Sources */ = {isa = PBXBuildFile; fileRef = 24509627253878A600EC423A /* Feed.swift */; };
		2450962B25387D9900EC423A /* DouYinNetwork.swift in Sources */ = {isa = PBXBuildFile; fileRef = 2450962A25387D9900EC423A /* DouYinNetwork.swift */; };
		2482114125372FC6002B0604 /* AppDelegate.swift in Sources */ = {isa = PBXBuildFile; fileRef = 2482114025372FC6002B0604 /* AppDelegate.swift */; };
		2482114325372FC6002B0604 /* SceneDelegate.swift in Sources */ = {isa = PBXBuildFile; fileRef = 2482114225372FC6002B0604 /* SceneDelegate.swift */; };
		2482114525372FC6002B0604 /* ViewController.swift in Sources */ = {isa = PBXBuildFile; fileRef = 2482114425372FC6002B0604 /* ViewController.swift */; };
		2482114825372FC6002B0604 /* Main.storyboard in Resources */ = {isa = PBXBuildFile; fileRef = 2482114625372FC6002B0604 /* Main.storyboard */; };
		2482114A25372FC7002B0604 /* Assets.xcassets in Resources */ = {isa = PBXBuildFile; fileRef = 2482114925372FC7002B0604 /* Assets.xcassets */; };
		2482114D25372FC7002B0604 /* LaunchScreen.storyboard in Resources */ = {isa = PBXBuildFile; fileRef = 2482114B25372FC7002B0604 /* LaunchScreen.storyboard */; };
		24A7AF7D253AC975006EA182 /* addLike.json in Resources */ = {isa = PBXBuildFile; fileRef = 24A7AF7C253AC975006EA182 /* addLike.json */; };
		93448CED168FBC6C2BA016D4 /* Pods_DouYin.framework in Frameworks */ = {isa = PBXBuildFile; fileRef = 4DC500A39752C3218D538CCC /* Pods_DouYin.framework */; };
/* End PBXBuildFile section */

/* Begin PBXFileReference section */
		19B7A86BD9D12095C4A9E0B9 /* Pods-DouYin.release.xcconfig */ = {isa = PBXFileReference; includeInIndex = 1; lastKnownFileType = text.xcconfig; name = "Pods-DouYin.release.xcconfig"; path = "Target Support Files/Pods-DouYin/Pods-DouYin.release.xcconfig"; sourceTree = "<group>"; };
		241133642538927E0031D6B7 /* VideoCell.swift */ = {isa = PBXFileReference; lastKnownFileType = sourcecode.swift; path = VideoCell.swift; sourceTree = "<group>"; };
		24113389253990930031D6B7 /* Helper.swift */ = {isa = PBXFileReference; lastKnownFileType = sourcecode.swift; path = Helper.swift; sourceTree = "<group>"; };
		2411338C2539996B0031D6B7 /* UIHelper.swift */ = {isa = PBXFileReference; lastKnownFileType = sourcecode.swift; path = UIHelper.swift; sourceTree = "<group>"; };
		241133902539E3AF0031D6B7 /* ScaleAnimateButton.swift */ = {isa = PBXFileReference; lastKnownFileType = sourcecode.swift; path = ScaleAnimateButton.swift; sourceTree = "<group>"; };
		24509627253878A600EC423A /* Feed.swift */ = {isa = PBXFileReference; lastKnownFileType = sourcecode.swift; path = Feed.swift; sourceTree = "<group>"; };
		2450962A25387D9900EC423A /* DouYinNetwork.swift */ = {isa = PBXFileReference; lastKnownFileType = sourcecode.swift; path = DouYinNetwork.swift; sourceTree = "<group>"; };
		2482113D25372FC6002B0604 /* DouYin.app */ = {isa = PBXFileReference; explicitFileType = wrapper.application; includeInIndex = 0; path = DouYin.app; sourceTree = BUILT_PRODUCTS_DIR; };
		2482114025372FC6002B0604 /* AppDelegate.swift */ = {isa = PBXFileReference; lastKnownFileType = sourcecode.swift; path = AppDelegate.swift; sourceTree = "<group>"; };
		2482114225372FC6002B0604 /* SceneDelegate.swift */ = {isa = PBXFileReference; lastKnownFileType = sourcecode.swift; path = SceneDelegate.swift; sourceTree = "<group>"; };
		2482114425372FC6002B0604 /* ViewController.swift */ = {isa = PBXFileReference; lastKnownFileType = sourcecode.swift; path = ViewController.swift; sourceTree = "<group>"; };
		2482114725372FC6002B0604 /* Base */ = {isa = PBXFileReference; lastKnownFileType = file.storyboard; name = Base; path = Base.lproj/Main.storyboard; sourceTree = "<group>"; };
		2482114925372FC7002B0604 /* Assets.xcassets */ = {isa = PBXFileReference; lastKnownFileType = folder.assetcatalog; path = Assets.xcassets; sourceTree = "<group>"; };
		2482114C25372FC7002B0604 /* Base */ = {isa = PBXFileReference; lastKnownFileType = file.storyboard; name = Base; path = Base.lproj/LaunchScreen.storyboard; sourceTree = "<group>"; };
		2482114E25372FC7002B0604 /* Info.plist */ = {isa = PBXFileReference; lastKnownFileType = text.plist.xml; path = Info.plist; sourceTree = "<group>"; };
		24A7AF7C253AC975006EA182 /* addLike.json */ = {isa = PBXFileReference; fileEncoding = 4; lastKnownFileType = text.json; path = addLike.json; sourceTree = "<group>"; };
		4DC500A39752C3218D538CCC /* Pods_DouYin.framework */ = {isa = PBXFileReference; explicitFileType = wrapper.framework; includeInIndex = 0; path = Pods_DouYin.framework; sourceTree = BUILT_PRODUCTS_DIR; };
		88CD8DE37C2F00A7C454100D /* Pods-DouYin.debug.xcconfig */ = {isa = PBXFileReference; includeInIndex = 1; lastKnownFileType = text.xcconfig; name = "Pods-DouYin.debug.xcconfig"; path = "Target Support Files/Pods-DouYin/Pods-DouYin.debug.xcconfig"; sourceTree = "<group>"; };
/* End PBXFileReference section */

/* Begin PBXFrameworksBuildPhase section */
		2482113A25372FC6002B0604 /* Frameworks */ = {
			isa = PBXFrameworksBuildPhase;
			buildActionMask = 2147483647;
			files = (
				93448CED168FBC6C2BA016D4 /* Pods_DouYin.framework in Frameworks */,
			);
			runOnlyForDeploymentPostprocessing = 0;
		};
/* End PBXFrameworksBuildPhase section */

/* Begin PBXGroup section */
		13B00F97A33105EEE202A915 /* Pods */ = {
			isa = PBXGroup;
			children = (
				88CD8DE37C2F00A7C454100D /* Pods-DouYin.debug.xcconfig */,
				19B7A86BD9D12095C4A9E0B9 /* Pods-DouYin.release.xcconfig */,
			);
			path = Pods;
			sourceTree = "<group>";
		};
		2411338F2539E3880031D6B7 /* Library */ = {
			isa = PBXGroup;
			children = (
				241133902539E3AF0031D6B7 /* ScaleAnimateButton.swift */,
			);
			path = Library;
			sourceTree = "<group>";
		};
		2450960425383E8100EC423A /* Supporting Files */ = {
			isa = PBXGroup;
			children = (
				2482114025372FC6002B0604 /* AppDelegate.swift */,
				2482114225372FC6002B0604 /* SceneDelegate.swift */,
			);
			path = "Supporting Files";
			sourceTree = "<group>";
		};
		2450960625383EB000EC423A /* Controller */ = {
			isa = PBXGroup;
			children = (
				24A7AF7C253AC975006EA182 /* addLike.json */,
				2482114425372FC6002B0604 /* ViewController.swift */,
				241133642538927E0031D6B7 /* VideoCell.swift */,
			);
			path = Controller;
			sourceTree = "<group>";
		};
		2450960925383EDA00EC423A /* View */ = {
			isa = PBXGroup;
			children = (
				2482114625372FC6002B0604 /* Main.storyboard */,
			);
			path = View;
			sourceTree = "<group>";
		};
		245096192538496B00EC423A /* Model */ = {
			isa = PBXGroup;
			children = (
				24509627253878A600EC423A /* Feed.swift */,
			);
			path = Model;
			sourceTree = "<group>";
		};
		2450962D25387DA900EC423A /* Helper */ = {
			isa = PBXGroup;
			children = (
				2450962A25387D9900EC423A /* DouYinNetwork.swift */,
				24113389253990930031D6B7 /* Helper.swift */,
				2411338C2539996B0031D6B7 /* UIHelper.swift */,
			);
			path = Helper;
			sourceTree = "<group>";
		};
		2482113425372FC6002B0604 = {
			isa = PBXGroup;
			children = (
				2482113F25372FC6002B0604 /* DouYin */,
				2482113E25372FC6002B0604 /* Products */,
				13B00F97A33105EEE202A915 /* Pods */,
				4B3569BB6149706978F25213 /* Frameworks */,
			);
			sourceTree = "<group>";
		};
		2482113E25372FC6002B0604 /* Products */ = {
			isa = PBXGroup;
			children = (
				2482113D25372FC6002B0604 /* DouYin.app */,
			);
			name = Products;
			sourceTree = "<group>";
		};
		2482113F25372FC6002B0604 /* DouYin */ = {
			isa = PBXGroup;
			children = (
				2482114E25372FC7002B0604 /* Info.plist */,
				2482114B25372FC7002B0604 /* LaunchScreen.storyboard */,
				2482114925372FC7002B0604 /* Assets.xcassets */,
				2411338F2539E3880031D6B7 /* Library */,
				2450962D25387DA900EC423A /* Helper */,
				245096192538496B00EC423A /* Model */,
				2450960925383EDA00EC423A /* View */,
				2450960625383EB000EC423A /* Controller */,
				2450960425383E8100EC423A /* Supporting Files */,
			);
			path = DouYin;
			sourceTree = "<group>";
		};
		4B3569BB6149706978F25213 /* Frameworks */ = {
			isa = PBXGroup;
			children = (
				4DC500A39752C3218D538CCC /* Pods_DouYin.framework */,
			);
			name = Frameworks;
			sourceTree = "<group>";
		};
/* End PBXGroup section */

/* Begin PBXNativeTarget section */
		2482113C25372FC6002B0604 /* DouYin */ = {
			isa = PBXNativeTarget;
			buildConfigurationList = 2482115125372FC7002B0604 /* Build configuration list for PBXNativeTarget "DouYin" */;
			buildPhases = (
				65782E35712FB6CA09927BA3 /* [CP] Check Pods Manifest.lock */,
				2482113925372FC6002B0604 /* Sources */,
				2482113A25372FC6002B0604 /* Frameworks */,
				2482113B25372FC6002B0604 /* Resources */,
				5C2EB5BABBF331B6BE733ABB /* [CP] Embed Pods Frameworks */,
			);
			buildRules = (
			);
			dependencies = (
			);
			name = DouYin;
			productName = DouYin;
			productReference = 2482113D25372FC6002B0604 /* DouYin.app */;
			productType = "com.apple.product-type.application";
		};
/* End PBXNativeTarget section */

/* Begin PBXProject section */
		2482113525372FC6002B0604 /* Project object */ = {
			isa = PBXProject;
			attributes = {
				LastSwiftUpdateCheck = 1200;
				LastUpgradeCheck = 1200;
				TargetAttributes = {
					2482113C25372FC6002B0604 = {
						CreatedOnToolsVersion = 12.0.1;
					};
				};
			};
			buildConfigurationList = 2482113825372FC6002B0604 /* Build configuration list for PBXProject "DouYin" */;
			compatibilityVersion = "Xcode 9.3";
			developmentRegion = en;
			hasScannedForEncodings = 0;
			knownRegions = (
				en,
				Base,
			);
			mainGroup = 2482113425372FC6002B0604;
			productRefGroup = 2482113E25372FC6002B0604 /* Products */;
			projectDirPath = "";
			projectRoot = "";
			targets = (
				2482113C25372FC6002B0604 /* DouYin */,
			);
		};
/* End PBXProject section */

/* Begin PBXResourcesBuildPhase section */
		2482113B25372FC6002B0604 /* Resources */ = {
			isa = PBXResourcesBuildPhase;
			buildActionMask = 2147483647;
			files = (
				2482114D25372FC7002B0604 /* LaunchScreen.storyboard in Resources */,
				24A7AF7D253AC975006EA182 /* addLike.json in Resources */,
				2482114A25372FC7002B0604 /* Assets.xcassets in Resources */,
				2482114825372FC6002B0604 /* Main.storyboard in Resources */,
			);
			runOnlyForDeploymentPostprocessing = 0;
		};
/* End PBXResourcesBuildPhase section */

/* Begin PBXShellScriptBuildPhase section */
		5C2EB5BABBF331B6BE733ABB /* [CP] Embed Pods Frameworks */ = {
			isa = PBXShellScriptBuildPhase;
			buildActionMask = 2147483647;
			files = (
			);
			inputFileListPaths = (
				"${PODS_ROOT}/Target Support Files/Pods-DouYin/Pods-DouYin-frameworks-${CONFIGURATION}-input-files.xcfilelist",
			);
			name = "[CP] Embed Pods Frameworks";
			outputFileListPaths = (
				"${PODS_ROOT}/Target Support Files/Pods-DouYin/Pods-DouYin-frameworks-${CONFIGURATION}-output-files.xcfilelist",
			);
			runOnlyForDeploymentPostprocessing = 0;
			shellPath = /bin/sh;
			shellScript = "\"${PODS_ROOT}/Target Support Files/Pods-DouYin/Pods-DouYin-frameworks.sh\"\n";
			showEnvVarsInLog = 0;
		};
		65782E35712FB6CA09927BA3 /* [CP] Check Pods Manifest.lock */ = {
			isa = PBXShellScriptBuildPhase;
			buildActionMask = 2147483647;
			files = (
			);
			inputFileListPaths = (
			);
			inputPaths = (
				"${PODS_PODFILE_DIR_PATH}/Podfile.lock",
				"${PODS_ROOT}/Manifest.lock",
			);
			name = "[CP] Check Pods Manifest.lock";
			outputFileListPaths = (
			);
			outputPaths = (
				"$(DERIVED_FILE_DIR)/Pods-DouYin-checkManifestLockResult.txt",
			);
			runOnlyForDeploymentPostprocessing = 0;
			shellPath = /bin/sh;
			shellScript = "diff \"${PODS_PODFILE_DIR_PATH}/Podfile.lock\" \"${PODS_ROOT}/Manifest.lock\" > /dev/null\nif [ $? != 0 ] ; then\n    # print error to STDERR\n    echo \"error: The sandbox is not in sync with the Podfile.lock. Run 'pod install' or update your CocoaPods installation.\" >&2\n    exit 1\nfi\n# This output is used by Xcode 'outputs' to avoid re-running this script phase.\necho \"SUCCESS\" > \"${SCRIPT_OUTPUT_FILE_0}\"\n";
			showEnvVarsInLog = 0;
		};
/* End PBXShellScriptBuildPhase section */

/* Begin PBXSourcesBuildPhase section */
		2482113925372FC6002B0604 /* Sources */ = {
			isa = PBXSourcesBuildPhase;
			buildActionMask = 2147483647;
			files = (
				2482114525372FC6002B0604 /* ViewController.swift in Sources */,
				2411338A253990930031D6B7 /* Helper.swift in Sources */,
				24509628253878A600EC423A /* Feed.swift in Sources */,
				2482114125372FC6002B0604 /* AppDelegate.swift in Sources */,
				2450962B25387D9900EC423A /* DouYinNetwork.swift in Sources */,
				241133912539E3AF0031D6B7 /* ScaleAnimateButton.swift in Sources */,
				2482114325372FC6002B0604 /* SceneDelegate.swift in Sources */,
				241133652538927E0031D6B7 /* VideoCell.swift in Sources */,
				2411338D2539996B0031D6B7 /* UIHelper.swift in Sources */,
			);
			runOnlyForDeploymentPostprocessing = 0;
		};
/* End PBXSourcesBuildPhase section */

/* Begin PBXVariantGroup section */
		2482114625372FC6002B0604 /* Main.storyboard */ = {
			isa = PBXVariantGroup;
			children = (
				2482114725372FC6002B0604 /* Base */,
			);
			name = Main.storyboard;
			sourceTree = "<group>";
		};
		2482114B25372FC7002B0604 /* LaunchScreen.storyboard */ = {
			isa = PBXVariantGroup;
			children = (
				2482114C25372FC7002B0604 /* Base */,
			);
			name = LaunchScreen.storyboard;
			sourceTree = "<group>";
		};
/* End PBXVariantGroup section */

/* Begin XCBuildConfiguration section */
		2482114F25372FC7002B0604 /* Debug */ = {
			isa = XCBuildConfiguration;
			buildSettings = {
				ALWAYS_SEARCH_USER_PATHS = NO;
				CLANG_ANALYZER_NONNULL = YES;
				CLANG_ANALYZER_NUMBER_OBJECT_CONVERSION = YES_AGGRESSIVE;
				CLANG_CXX_LANGUAGE_STANDARD = "gnu++14";
				CLANG_CXX_LIBRARY = "libc++";
				CLANG_ENABLE_MODULES = YES;
				CLANG_ENABLE_OBJC_ARC = YES;
				CLANG_ENABLE_OBJC_WEAK = YES;
				CLANG_WARN_BLOCK_CAPTURE_AUTORELEASING = YES;
				CLANG_WARN_BOOL_CONVERSION = YES;
				CLANG_WARN_COMMA = YES;
				CLANG_WARN_CONSTANT_CONVERSION = YES;
				CLANG_WARN_DEPRECATED_OBJC_IMPLEMENTATIONS = YES;
				CLANG_WARN_DIRECT_OBJC_ISA_USAGE = YES_ERROR;
				CLANG_WARN_DOCUMENTATION_COMMENTS = YES;
				CLANG_WARN_EMPTY_BODY = YES;
				CLANG_WARN_ENUM_CONVERSION = YES;
				CLANG_WARN_INFINITE_RECURSION = YES;
				CLANG_WARN_INT_CONVERSION = YES;
				CLANG_WARN_NON_LITERAL_NULL_CONVERSION = YES;
				CLANG_WARN_OBJC_IMPLICIT_RETAIN_SELF = YES;
				CLANG_WARN_OBJC_LITERAL_CONVERSION = YES;
				CLANG_WARN_OBJC_ROOT_CLASS = YES_ERROR;
				CLANG_WARN_QUOTED_INCLUDE_IN_FRAMEWORK_HEADER = YES;
				CLANG_WARN_RANGE_LOOP_ANALYSIS = YES;
				CLANG_WARN_STRICT_PROTOTYPES = YES;
				CLANG_WARN_SUSPICIOUS_MOVE = YES;
				CLANG_WARN_UNGUARDED_AVAILABILITY = YES_AGGRESSIVE;
				CLANG_WARN_UNREACHABLE_CODE = YES;
				CLANG_WARN__DUPLICATE_METHOD_MATCH = YES;
				COPY_PHASE_STRIP = NO;
				DEBUG_INFORMATION_FORMAT = dwarf;
				ENABLE_STRICT_OBJC_MSGSEND = YES;
				ENABLE_TESTABILITY = YES;
				GCC_C_LANGUAGE_STANDARD = gnu11;
				GCC_DYNAMIC_NO_PIC = NO;
				GCC_NO_COMMON_BLOCKS = YES;
				GCC_OPTIMIZATION_LEVEL = 0;
				GCC_PREPROCESSOR_DEFINITIONS = (
					"DEBUG=1",
					"$(inherited)",
				);
				GCC_WARN_64_TO_32_BIT_CONVERSION = YES;
				GCC_WARN_ABOUT_RETURN_TYPE = YES_ERROR;
				GCC_WARN_UNDECLARED_SELECTOR = YES;
				GCC_WARN_UNINITIALIZED_AUTOS = YES_AGGRESSIVE;
				GCC_WARN_UNUSED_FUNCTION = YES;
				GCC_WARN_UNUSED_VARIABLE = YES;
				IPHONEOS_DEPLOYMENT_TARGET = 14.0;
				MTL_ENABLE_DEBUG_INFO = INCLUDE_SOURCE;
				MTL_FAST_MATH = YES;
				ONLY_ACTIVE_ARCH = YES;
				SDKROOT = iphoneos;
				SWIFT_ACTIVE_COMPILATION_CONDITIONS = DEBUG;
				SWIFT_OPTIMIZATION_LEVEL = "-Onone";
			};
			name = Debug;
		};
		2482115025372FC7002B0604 /* Release */ = {
			isa = XCBuildConfiguration;
			buildSettings = {
				ALWAYS_SEARCH_USER_PATHS = NO;
				CLANG_ANALYZER_NONNULL = YES;
				CLANG_ANALYZER_NUMBER_OBJECT_CONVERSION = YES_AGGRESSIVE;
				CLANG_CXX_LANGUAGE_STANDARD = "gnu++14";
				CLANG_CXX_LIBRARY = "libc++";
				CLANG_ENABLE_MODULES = YES;
				CLANG_ENABLE_OBJC_ARC = YES;
				CLANG_ENABLE_OBJC_WEAK = YES;
				CLANG_WARN_BLOCK_CAPTURE_AUTORELEASING = YES;
				CLANG_WARN_BOOL_CONVERSION = YES;
				CLANG_WARN_COMMA = YES;
				CLANG_WARN_CONSTANT_CONVERSION = YES;
				CLANG_WARN_DEPRECATED_OBJC_IMPLEMENTATIONS = YES;
				CLANG_WARN_DIRECT_OBJC_ISA_USAGE = YES_ERROR;
				CLANG_WARN_DOCUMENTATION_COMMENTS = YES;
				CLANG_WARN_EMPTY_BODY = YES;
				CLANG_WARN_ENUM_CONVERSION = YES;
				CLANG_WARN_INFINITE_RECURSION = YES;
				CLANG_WARN_INT_CONVERSION = YES;
				CLANG_WARN_NON_LITERAL_NULL_CONVERSION = YES;
				CLANG_WARN_OBJC_IMPLICIT_RETAIN_SELF = YES;
				CLANG_WARN_OBJC_LITERAL_CONVERSION = YES;
				CLANG_WARN_OBJC_ROOT_CLASS = YES_ERROR;
				CLANG_WARN_QUOTED_INCLUDE_IN_FRAMEWORK_HEADER = YES;
				CLANG_WARN_RANGE_LOOP_ANALYSIS = YES;
				CLANG_WARN_STRICT_PROTOTYPES = YES;
				CLANG_WARN_SUSPICIOUS_MOVE = YES;
				CLANG_WARN_UNGUARDED_AVAILABILITY = YES_AGGRESSIVE;
				CLANG_WARN_UNREACHABLE_CODE = YES;
				CLANG_WARN__DUPLICATE_METHOD_MATCH = YES;
				COPY_PHASE_STRIP = NO;
				DEBUG_INFORMATION_FORMAT = "dwarf-with-dsym";
				ENABLE_NS_ASSERTIONS = NO;
				ENABLE_STRICT_OBJC_MSGSEND = YES;
				GCC_C_LANGUAGE_STANDARD = gnu11;
				GCC_NO_COMMON_BLOCKS = YES;
				GCC_WARN_64_TO_32_BIT_CONVERSION = YES;
				GCC_WARN_ABOUT_RETURN_TYPE = YES_ERROR;
				GCC_WARN_UNDECLARED_SELECTOR = YES;
				GCC_WARN_UNINITIALIZED_AUTOS = YES_AGGRESSIVE;
				GCC_WARN_UNUSED_FUNCTION = YES;
				GCC_WARN_UNUSED_VARIABLE = YES;
				IPHONEOS_DEPLOYMENT_TARGET = 14.0;
				MTL_ENABLE_DEBUG_INFO = NO;
				MTL_FAST_MATH = YES;
				SDKROOT = iphoneos;
				SWIFT_COMPILATION_MODE = wholemodule;
				SWIFT_OPTIMIZATION_LEVEL = "-O";
				VALIDATE_PRODUCT = YES;
			};
			name = Release;
		};
		2482115225372FC7002B0604 /* Debug */ = {
			isa = XCBuildConfiguration;
			baseConfigurationReference = 88CD8DE37C2F00A7C454100D /* Pods-DouYin.debug.xcconfig */;
			buildSettings = {
				ASSETCATALOG_COMPILER_APPICON_NAME = AppIcon;
				ASSETCATALOG_COMPILER_GLOBAL_ACCENT_COLOR_NAME = AccentColor;
				CODE_SIGN_STYLE = Automatic;
				DEVELOPMENT_TEAM = G2JN7NTB5N;
				INFOPLIST_FILE = DouYin/Info.plist;
				LD_RUNPATH_SEARCH_PATHS = (
					"$(inherited)",
					"@executable_path/Frameworks",
				);
				PRODUCT_BUNDLE_IDENTIFIER = "com.Sophia-fez.DouYin";
				PRODUCT_NAME = "$(TARGET_NAME)";
				SWIFT_VERSION = 5.0;
				TARGETED_DEVICE_FAMILY = "1,2";
			};
			name = Debug;
		};
		2482115325372FC7002B0604 /* Release */ = {
			isa = XCBuildConfiguration;
			baseConfigurationReference = 19B7A86BD9D12095C4A9E0B9 /* Pods-DouYin.release.xcconfig */;
			buildSettings = {
				ASSETCATALOG_COMPILER_APPICON_NAME = AppIcon;
				ASSETCATALOG_COMPILER_GLOBAL_ACCENT_COLOR_NAME = AccentColor;
				CODE_SIGN_STYLE = Automatic;
				DEVELOPMENT_TEAM = G2JN7NTB5N;
				INFOPLIST_FILE = DouYin/Info.plist;
				LD_RUNPATH_SEARCH_PATHS = (
					"$(inherited)",
					"@executable_path/Frameworks",
				);
				PRODUCT_BUNDLE_IDENTIFIER = "com.Sophia-fez.DouYin";
				PRODUCT_NAME = "$(TARGET_NAME)";
				SWIFT_VERSION = 5.0;
				TARGETED_DEVICE_FAMILY = "1,2";
			};
			name = Release;
		};
/* End XCBuildConfiguration section */

/* Begin XCConfigurationList section */
		2482113825372FC6002B0604 /* Build configuration list for PBXProject "DouYin" */ = {
			isa = XCConfigurationList;
			buildConfigurations = (
				2482114F25372FC7002B0604 /* Debug */,
				2482115025372FC7002B0604 /* Release */,
			);
			defaultConfigurationIsVisible = 0;
			defaultConfigurationName = Release;
		};
		2482115125372FC7002B0604 /* Build configuration list for PBXNativeTarget "DouYin" */ = {
			isa = XCConfigurationList;
			buildConfigurations = (
				2482115225372FC7002B0604 /* Debug */,
				2482115325372FC7002B0604 /* Release */,
			);
			defaultConfigurationIsVisible = 0;
			defaultConfigurationName = Release;
		};
/* End XCConfigurationList section */
	};
	rootObject = 2482113525372FC6002B0604 /* Project object */;
}
